// !$*UTF8*$!
{
	archiveVersion = 1;
	classes = {
	};
	objectVersion = 46;
	objects = {

/* Begin PBXAggregateTarget section */
		"StitchCore::StitchCorePackageTests::ProductTarget" /* StitchCorePackageTests */ = {
			isa = PBXAggregateTarget;
			buildConfigurationList = OBJ_390 /* Build configuration list for PBXAggregateTarget "StitchCorePackageTests" */;
			buildPhases = (
			);
			dependencies = (
				OBJ_393 /* PBXTargetDependency */,
			);
			name = StitchCorePackageTests;
			productName = StitchCorePackageTests;
		};
/* End PBXAggregateTarget section */

/* Begin PBXBuildFile section */
		OBJ_197 /* Package.swift in Sources */ = {isa = PBXBuildFile; fileRef = OBJ_6 /* Package.swift */; };
		OBJ_203 /* Package.swift in Sources */ = {isa = PBXBuildFile; fileRef = OBJ_110 /* Package.swift */; };
		OBJ_209 /* Package.swift in Sources */ = {isa = PBXBuildFile; fileRef = OBJ_142 /* Package.swift */; };
		OBJ_215 /* Package.swift in Sources */ = {isa = PBXBuildFile; fileRef = OBJ_185 /* Package.swift */; };
		OBJ_221 /* AccessTokenRefresherTests.swift in Sources */ = {isa = PBXBuildFile; fileRef = OBJ_85 /* AccessTokenRefresherTests.swift */; };
		OBJ_222 /* CoreStitchAuthTests.swift in Sources */ = {isa = PBXBuildFile; fileRef = OBJ_86 /* CoreStitchAuthTests.swift */; };
		OBJ_223 /* StoreAuthInfoTests.swift in Sources */ = {isa = PBXBuildFile; fileRef = OBJ_88 /* StoreAuthInfoTests.swift */; };
		OBJ_224 /* CoreUserPasswordAuthProviderClientTests.swift in Sources */ = {isa = PBXBuildFile; fileRef = OBJ_91 /* CoreUserPasswordAuthProviderClientTests.swift */; };
		OBJ_225 /* StitchUserProfileTests.swift in Sources */ = {isa = PBXBuildFile; fileRef = OBJ_92 /* StitchUserProfileTests.swift */; };
		OBJ_226 /* SynchronizedTests.swift in Sources */ = {isa = PBXBuildFile; fileRef = OBJ_95 /* SynchronizedTests.swift */; };
		OBJ_227 /* FoundationHTTPTransportTests.swift in Sources */ = {isa = PBXBuildFile; fileRef = OBJ_97 /* FoundationHTTPTransportTests.swift */; };
		OBJ_228 /* StitchRequestClientTests.swift in Sources */ = {isa = PBXBuildFile; fileRef = OBJ_98 /* StitchRequestClientTests.swift */; };
		OBJ_229 /* CoreStitchServiceTests.swift in Sources */ = {isa = PBXBuildFile; fileRef = OBJ_101 /* CoreStitchServiceTests.swift */; };
		OBJ_230 /* StitchAppClientConfigurationTests.swift in Sources */ = {isa = PBXBuildFile; fileRef = OBJ_102 /* StitchAppClientConfigurationTests.swift */; };
		OBJ_231 /* StitchAppClientInfoTests.swift in Sources */ = {isa = PBXBuildFile; fileRef = OBJ_103 /* StitchAppClientInfoTests.swift */; };
		OBJ_232 /* StitchClientConfigurationTests.swift in Sources */ = {isa = PBXBuildFile; fileRef = OBJ_104 /* StitchClientConfigurationTests.swift */; };
		OBJ_233 /* stitch_ios_sdk_protoTests.swift in Sources */ = {isa = PBXBuildFile; fileRef = OBJ_105 /* stitch_ios_sdk_protoTests.swift */; };
		OBJ_235 /* JWT.framework in Frameworks */ = {isa = PBXBuildFile; fileRef = "JWT::JWT::Product" /* JWT.framework */; };
		OBJ_236 /* Swifter.framework in Frameworks */ = {isa = PBXBuildFile; fileRef = "Swifter::Swifter::Product" /* Swifter.framework */; };
		OBJ_237 /* StitchCore.framework in Frameworks */ = {isa = PBXBuildFile; fileRef = "StitchCore::StitchCore::Product" /* StitchCore.framework */; };
		OBJ_238 /* ExtendedJSON.framework in Frameworks */ = {isa = PBXBuildFile; fileRef = "ExtendedJSON::ExtendedJSON::Product" /* ExtendedJSON.framework */; };
		OBJ_251 /* Base64.swift in Sources */ = {isa = PBXBuildFile; fileRef = OBJ_111 /* Base64.swift */; };
		OBJ_252 /* ClaimSet.swift in Sources */ = {isa = PBXBuildFile; fileRef = OBJ_112 /* ClaimSet.swift */; };
		OBJ_253 /* Claims.swift in Sources */ = {isa = PBXBuildFile; fileRef = OBJ_113 /* Claims.swift */; };
		OBJ_254 /* Decode.swift in Sources */ = {isa = PBXBuildFile; fileRef = OBJ_114 /* Decode.swift */; };
		OBJ_255 /* Encode.swift in Sources */ = {isa = PBXBuildFile; fileRef = OBJ_115 /* Encode.swift */; };
		OBJ_256 /* HMAC.swift in Sources */ = {isa = PBXBuildFile; fileRef = OBJ_116 /* HMAC.swift */; };
		OBJ_257 /* HMACCommonCrypto.swift in Sources */ = {isa = PBXBuildFile; fileRef = OBJ_117 /* HMACCommonCrypto.swift */; };
		OBJ_258 /* JOSEHeader.swift in Sources */ = {isa = PBXBuildFile; fileRef = OBJ_118 /* JOSEHeader.swift */; };
		OBJ_259 /* JWT.swift in Sources */ = {isa = PBXBuildFile; fileRef = OBJ_119 /* JWT.swift */; };
		OBJ_265 /* DemoServer.swift in Sources */ = {isa = PBXBuildFile; fileRef = OBJ_122 /* DemoServer.swift */; };
		OBJ_266 /* Errno.swift in Sources */ = {isa = PBXBuildFile; fileRef = OBJ_123 /* Errno.swift */; };
		OBJ_267 /* Files.swift in Sources */ = {isa = PBXBuildFile; fileRef = OBJ_124 /* Files.swift */; };
		OBJ_268 /* HttpParser.swift in Sources */ = {isa = PBXBuildFile; fileRef = OBJ_125 /* HttpParser.swift */; };
		OBJ_269 /* HttpRequest.swift in Sources */ = {isa = PBXBuildFile; fileRef = OBJ_126 /* HttpRequest.swift */; };
		OBJ_270 /* HttpResponse.swift in Sources */ = {isa = PBXBuildFile; fileRef = OBJ_127 /* HttpResponse.swift */; };
		OBJ_271 /* HttpRouter.swift in Sources */ = {isa = PBXBuildFile; fileRef = OBJ_128 /* HttpRouter.swift */; };
		OBJ_272 /* HttpServer.swift in Sources */ = {isa = PBXBuildFile; fileRef = OBJ_129 /* HttpServer.swift */; };
		OBJ_273 /* HttpServerIO.swift in Sources */ = {isa = PBXBuildFile; fileRef = OBJ_130 /* HttpServerIO.swift */; };
		OBJ_274 /* Process.swift in Sources */ = {isa = PBXBuildFile; fileRef = OBJ_131 /* Process.swift */; };
		OBJ_275 /* Scopes.swift in Sources */ = {isa = PBXBuildFile; fileRef = OBJ_132 /* Scopes.swift */; };
		OBJ_276 /* Socket+File.swift in Sources */ = {isa = PBXBuildFile; fileRef = OBJ_133 /* Socket+File.swift */; };
		OBJ_277 /* Socket+Server.swift in Sources */ = {isa = PBXBuildFile; fileRef = OBJ_134 /* Socket+Server.swift */; };
		OBJ_278 /* Socket.swift in Sources */ = {isa = PBXBuildFile; fileRef = OBJ_135 /* Socket.swift */; };
		OBJ_279 /* String+BASE64.swift in Sources */ = {isa = PBXBuildFile; fileRef = OBJ_136 /* String+BASE64.swift */; };
		OBJ_280 /* String+File.swift in Sources */ = {isa = PBXBuildFile; fileRef = OBJ_137 /* String+File.swift */; };
		OBJ_281 /* String+Misc.swift in Sources */ = {isa = PBXBuildFile; fileRef = OBJ_138 /* String+Misc.swift */; };
		OBJ_282 /* String+SHA1.swift in Sources */ = {isa = PBXBuildFile; fileRef = OBJ_139 /* String+SHA1.swift */; };
		OBJ_283 /* WebSockets.swift in Sources */ = {isa = PBXBuildFile; fileRef = OBJ_140 /* WebSockets.swift */; };
		OBJ_289 /* CoreAuthProviderClient.swift in Sources */ = {isa = PBXBuildFile; fileRef = OBJ_10 /* CoreAuthProviderClient.swift */; };
		OBJ_290 /* AccessTokenRefresher.swift in Sources */ = {isa = PBXBuildFile; fileRef = OBJ_12 /* AccessTokenRefresher.swift */; };
		OBJ_291 /* AuthInfo.swift in Sources */ = {isa = PBXBuildFile; fileRef = OBJ_13 /* AuthInfo.swift */; };
		OBJ_292 /* AuthStateHolder.swift in Sources */ = {isa = PBXBuildFile; fileRef = OBJ_14 /* AuthStateHolder.swift */; };
		OBJ_293 /* CoreStitchAuth+StitchAuthRequestClient.swift in Sources */ = {isa = PBXBuildFile; fileRef = OBJ_15 /* CoreStitchAuth+StitchAuthRequestClient.swift */; };
		OBJ_294 /* CoreStitchAuth.swift in Sources */ = {isa = PBXBuildFile; fileRef = OBJ_16 /* CoreStitchAuth.swift */; };
		OBJ_295 /* CoreStitchUser.swift in Sources */ = {isa = PBXBuildFile; fileRef = OBJ_17 /* CoreStitchUser.swift */; };
		OBJ_296 /* DeviceField.swift in Sources */ = {isa = PBXBuildFile; fileRef = OBJ_18 /* DeviceField.swift */; };
		OBJ_297 /* APIAccessToken.swift in Sources */ = {isa = PBXBuildFile; fileRef = OBJ_20 /* APIAccessToken.swift */; };
		OBJ_298 /* APIAuthInfoImpl.swift in Sources */ = {isa = PBXBuildFile; fileRef = OBJ_21 /* APIAuthInfoImpl.swift */; };
		OBJ_299 /* APICoreUserProfile.swift in Sources */ = {isa = PBXBuildFile; fileRef = OBJ_22 /* APICoreUserProfile.swift */; };
		OBJ_300 /* APIStitchUserIdentity.swift in Sources */ = {isa = PBXBuildFile; fileRef = OBJ_23 /* APIStitchUserIdentity.swift */; };
		OBJ_301 /* StoreAuthInfo.swift in Sources */ = {isa = PBXBuildFile; fileRef = OBJ_24 /* StoreAuthInfo.swift */; };
		OBJ_302 /* StoreCoreUserProfile.swift in Sources */ = {isa = PBXBuildFile; fileRef = OBJ_25 /* StoreCoreUserProfile.swift */; };
		OBJ_303 /* StoreStitchUserIdentity.swift in Sources */ = {isa = PBXBuildFile; fileRef = OBJ_26 /* StoreStitchUserIdentity.swift */; };
		OBJ_304 /* StitchAuthRequestClient.swift in Sources */ = {isa = PBXBuildFile; fileRef = OBJ_27 /* StitchAuthRequestClient.swift */; };
		OBJ_305 /* StitchUserFactory.swift in Sources */ = {isa = PBXBuildFile; fileRef = OBJ_28 /* StitchUserFactory.swift */; };
		OBJ_306 /* ProviderCapabilities.swift in Sources */ = {isa = PBXBuildFile; fileRef = OBJ_29 /* ProviderCapabilities.swift */; };
		OBJ_307 /* AnonymousCredential.swift in Sources */ = {isa = PBXBuildFile; fileRef = OBJ_32 /* AnonymousCredential.swift */; };
		OBJ_308 /* CoreAnonymousAuthProviderClient.swift in Sources */ = {isa = PBXBuildFile; fileRef = OBJ_33 /* CoreAnonymousAuthProviderClient.swift */; };
		OBJ_309 /* CoreCustomAuthProviderClient.swift in Sources */ = {isa = PBXBuildFile; fileRef = OBJ_35 /* CoreCustomAuthProviderClient.swift */; };
		OBJ_310 /* CustomCredential.swift in Sources */ = {isa = PBXBuildFile; fileRef = OBJ_36 /* CustomCredential.swift */; };
		OBJ_311 /* CoreFacebookAuthProviderClient.swift in Sources */ = {isa = PBXBuildFile; fileRef = OBJ_38 /* CoreFacebookAuthProviderClient.swift */; };
		OBJ_312 /* FacebookCredential.swift in Sources */ = {isa = PBXBuildFile; fileRef = OBJ_39 /* FacebookCredential.swift */; };
		OBJ_313 /* CoreGoogleAuthProviderClient.swift in Sources */ = {isa = PBXBuildFile; fileRef = OBJ_41 /* CoreGoogleAuthProviderClient.swift */; };
		OBJ_314 /* GoogleCredential.swift in Sources */ = {isa = PBXBuildFile; fileRef = OBJ_42 /* GoogleCredential.swift */; };
		OBJ_315 /* CoreServerAPIKeyAuthProviderClient.swift in Sources */ = {isa = PBXBuildFile; fileRef = OBJ_44 /* CoreServerAPIKeyAuthProviderClient.swift */; };
		OBJ_316 /* ServerAPIKeyCredential.swift in Sources */ = {isa = PBXBuildFile; fileRef = OBJ_45 /* ServerAPIKeyCredential.swift */; };
		OBJ_317 /* StitchProviderType.swift in Sources */ = {isa = PBXBuildFile; fileRef = OBJ_46 /* StitchProviderType.swift */; };
		OBJ_318 /* CoreUserAPIKeyAuthProviderClient.swift in Sources */ = {isa = PBXBuildFile; fileRef = OBJ_48 /* CoreUserAPIKeyAuthProviderClient.swift */; };
		OBJ_319 /* UserAPIKeyCredential.swift in Sources */ = {isa = PBXBuildFile; fileRef = OBJ_49 /* UserAPIKeyCredential.swift */; };
		OBJ_320 /* CoreUserPasswordAuthProviderClient.swift in Sources */ = {isa = PBXBuildFile; fileRef = OBJ_51 /* CoreUserPasswordAuthProviderClient.swift */; };
		OBJ_321 /* UserPasswordCredential.swift in Sources */ = {isa = PBXBuildFile; fileRef = OBJ_52 /* UserPasswordCredential.swift */; };
		OBJ_322 /* StitchCredential.swift in Sources */ = {isa = PBXBuildFile; fileRef = OBJ_53 /* StitchCredential.swift */; };
		OBJ_323 /* StitchUserIdentity.swift in Sources */ = {isa = PBXBuildFile; fileRef = OBJ_54 /* StitchUserIdentity.swift */; };
		OBJ_324 /* StitchUserProfile.swift in Sources */ = {isa = PBXBuildFile; fileRef = OBJ_55 /* StitchUserProfile.swift */; };
		OBJ_325 /* ImplFailureFatalErrors.swift in Sources */ = {isa = PBXBuildFile; fileRef = OBJ_58 /* ImplFailureFatalErrors.swift */; };
		OBJ_326 /* JWT.swift in Sources */ = {isa = PBXBuildFile; fileRef = OBJ_59 /* JWT.swift */; };
		OBJ_327 /* Storage.swift in Sources */ = {isa = PBXBuildFile; fileRef = OBJ_60 /* Storage.swift */; };
		OBJ_328 /* CoreStitchAppClient.swift in Sources */ = {isa = PBXBuildFile; fileRef = OBJ_61 /* CoreStitchAppClient.swift */; };
		OBJ_329 /* ContentType.swift in Sources */ = {isa = PBXBuildFile; fileRef = OBJ_63 /* ContentType.swift */; };
		OBJ_330 /* FoundationHTTPTransport.swift in Sources */ = {isa = PBXBuildFile; fileRef = OBJ_64 /* FoundationHTTPTransport.swift */; };
		OBJ_331 /* Headers.swift in Sources */ = {isa = PBXBuildFile; fileRef = OBJ_65 /* Headers.swift */; };
		OBJ_332 /* Method.swift in Sources */ = {isa = PBXBuildFile; fileRef = OBJ_66 /* Method.swift */; };
		OBJ_333 /* Request.swift in Sources */ = {isa = PBXBuildFile; fileRef = OBJ_68 /* Request.swift */; };
		OBJ_334 /* StitchAuthRequest.swift in Sources */ = {isa = PBXBuildFile; fileRef = OBJ_69 /* StitchAuthRequest.swift */; };
		OBJ_335 /* StitchRequest.swift in Sources */ = {isa = PBXBuildFile; fileRef = OBJ_70 /* StitchRequest.swift */; };
		OBJ_336 /* StitchAppRoutes.swift in Sources */ = {isa = PBXBuildFile; fileRef = OBJ_71 /* StitchAppRoutes.swift */; };
		OBJ_337 /* StitchRequestClient.swift in Sources */ = {isa = PBXBuildFile; fileRef = OBJ_72 /* StitchRequestClient.swift */; };
		OBJ_338 /* Transport.swift in Sources */ = {isa = PBXBuildFile; fileRef = OBJ_73 /* Transport.swift */; };
		OBJ_339 /* CoreStitchService.swift in Sources */ = {isa = PBXBuildFile; fileRef = OBJ_76 /* CoreStitchService.swift */; };
		OBJ_340 /* StitchAppClientConfiguration.swift in Sources */ = {isa = PBXBuildFile; fileRef = OBJ_77 /* StitchAppClientConfiguration.swift */; };
		OBJ_341 /* StitchAppClientInfo.swift in Sources */ = {isa = PBXBuildFile; fileRef = OBJ_78 /* StitchAppClientInfo.swift */; };
		OBJ_342 /* StitchClientConfiguration.swift in Sources */ = {isa = PBXBuildFile; fileRef = OBJ_79 /* StitchClientConfiguration.swift */; };
		OBJ_343 /* StitchError.swift in Sources */ = {isa = PBXBuildFile; fileRef = OBJ_80 /* StitchError.swift */; };
		OBJ_345 /* ExtendedJSON.framework in Frameworks */ = {isa = PBXBuildFile; fileRef = "ExtendedJSON::ExtendedJSON::Product" /* ExtendedJSON.framework */; };
		OBJ_351 /* BSONArray.swift in Sources */ = {isa = PBXBuildFile; fileRef = OBJ_146 /* BSONArray.swift */; };
		OBJ_352 /* Binary.swift in Sources */ = {isa = PBXBuildFile; fileRef = OBJ_147 /* Binary.swift */; };
		OBJ_353 /* Code.swift in Sources */ = {isa = PBXBuildFile; fileRef = OBJ_148 /* Code.swift */; };
		OBJ_354 /* Coders.swift in Sources */ = {isa = PBXBuildFile; fileRef = OBJ_149 /* Coders.swift */; };
		OBJ_355 /* DBPointer.swift in Sources */ = {isa = PBXBuildFile; fileRef = OBJ_150 /* DBPointer.swift */; };
		OBJ_356 /* DBRef.swift in Sources */ = {isa = PBXBuildFile; fileRef = OBJ_151 /* DBRef.swift */; };
		OBJ_357 /* Document.swift in Sources */ = {isa = PBXBuildFile; fileRef = OBJ_152 /* Document.swift */; };
		OBJ_358 /* MaxKey.swift in Sources */ = {isa = PBXBuildFile; fileRef = OBJ_153 /* MaxKey.swift */; };
		OBJ_359 /* MinKey.swift in Sources */ = {isa = PBXBuildFile; fileRef = OBJ_154 /* MinKey.swift */; };
		OBJ_360 /* Null.swift in Sources */ = {isa = PBXBuildFile; fileRef = OBJ_155 /* Null.swift */; };
		OBJ_361 /* ObjectId.swift in Sources */ = {isa = PBXBuildFile; fileRef = OBJ_156 /* ObjectId.swift */; };
		OBJ_362 /* RegularExpression.swift in Sources */ = {isa = PBXBuildFile; fileRef = OBJ_157 /* RegularExpression.swift */; };
		OBJ_363 /* Symbol.swift in Sources */ = {isa = PBXBuildFile; fileRef = OBJ_158 /* Symbol.swift */; };
		OBJ_364 /* Timestamp.swift in Sources */ = {isa = PBXBuildFile; fileRef = OBJ_159 /* Timestamp.swift */; };
		OBJ_365 /* Undefined.swift in Sources */ = {isa = PBXBuildFile; fileRef = OBJ_160 /* Undefined.swift */; };
		OBJ_366 /* Bool+ExtendedJson.swift in Sources */ = {isa = PBXBuildFile; fileRef = OBJ_162 /* Bool+ExtendedJson.swift */; };
		OBJ_367 /* BsonArray+ExtendedJson.swift in Sources */ = {isa = PBXBuildFile; fileRef = OBJ_163 /* BsonArray+ExtendedJson.swift */; };
		OBJ_368 /* BsonBinary+ExtendedJson.swift in Sources */ = {isa = PBXBuildFile; fileRef = OBJ_164 /* BsonBinary+ExtendedJson.swift */; };
		OBJ_369 /* BsonCode+ExtendedJson.swift in Sources */ = {isa = PBXBuildFile; fileRef = OBJ_165 /* BsonCode+ExtendedJson.swift */; };
		OBJ_370 /* BsonDBPointer+ExtendedJson.swift in Sources */ = {isa = PBXBuildFile; fileRef = OBJ_166 /* BsonDBPointer+ExtendedJson.swift */; };
		OBJ_371 /* BsonDBRef+ExtendedJson.swift in Sources */ = {isa = PBXBuildFile; fileRef = OBJ_167 /* BsonDBRef+ExtendedJson.swift */; };
		OBJ_372 /* BsonDocument+ExtendedJson.swift in Sources */ = {isa = PBXBuildFile; fileRef = OBJ_168 /* BsonDocument+ExtendedJson.swift */; };
		OBJ_373 /* BsonSymbol+ExtendedJson.swift in Sources */ = {isa = PBXBuildFile; fileRef = OBJ_169 /* BsonSymbol+ExtendedJson.swift */; };
		OBJ_374 /* BsonTimestamp+ExtendedJson.swift in Sources */ = {isa = PBXBuildFile; fileRef = OBJ_170 /* BsonTimestamp+ExtendedJson.swift */; };
		OBJ_375 /* BsonUndefined+ExtendedJson.swift in Sources */ = {isa = PBXBuildFile; fileRef = OBJ_171 /* BsonUndefined+ExtendedJson.swift */; };
		OBJ_376 /* Date+ExtenedJson.swift in Sources */ = {isa = PBXBuildFile; fileRef = OBJ_172 /* Date+ExtenedJson.swift */; };
		OBJ_377 /* Decimal+ExtendedJson.swift in Sources */ = {isa = PBXBuildFile; fileRef = OBJ_173 /* Decimal+ExtendedJson.swift */; };
		OBJ_378 /* Double+ExtendedJson.swift in Sources */ = {isa = PBXBuildFile; fileRef = OBJ_174 /* Double+ExtendedJson.swift */; };
		OBJ_379 /* ExtendedJsonRepresentable.swift in Sources */ = {isa = PBXBuildFile; fileRef = OBJ_175 /* ExtendedJsonRepresentable.swift */; };
		OBJ_380 /* Int+ExtendedJson.swift in Sources */ = {isa = PBXBuildFile; fileRef = OBJ_176 /* Int+ExtendedJson.swift */; };
		OBJ_381 /* MaxKey+ExtendedJson.swift in Sources */ = {isa = PBXBuildFile; fileRef = OBJ_177 /* MaxKey+ExtendedJson.swift */; };
		OBJ_382 /* MinKey+ExtendedJson.swift in Sources */ = {isa = PBXBuildFile; fileRef = OBJ_178 /* MinKey+ExtendedJson.swift */; };
		OBJ_383 /* ObjectId+ExtendedJson.swift in Sources */ = {isa = PBXBuildFile; fileRef = OBJ_179 /* ObjectId+ExtendedJson.swift */; };
		OBJ_384 /* String+ExtendedJson.swift in Sources */ = {isa = PBXBuildFile; fileRef = OBJ_180 /* String+ExtendedJson.swift */; };
		OBJ_385 /* UUID+ExtendedJson.swift in Sources */ = {isa = PBXBuildFile; fileRef = OBJ_181 /* UUID+ExtendedJson.swift */; };
		OBJ_386 /* BsonError.swift in Sources */ = {isa = PBXBuildFile; fileRef = OBJ_183 /* BsonError.swift */; };
		OBJ_387 /* Validators.swift in Sources */ = {isa = PBXBuildFile; fileRef = OBJ_184 /* Validators.swift */; };
/* End PBXBuildFile section */

/* Begin PBXContainerItemProxy section */
		4907AAD22073DC71002DD6DE /* PBXContainerItemProxy */ = {
			isa = PBXContainerItemProxy;
			containerPortal = OBJ_1 /* Project object */;
			proxyType = 1;
			remoteGlobalIDString = "ExtendedJSON::ExtendedJSON";
			remoteInfo = ExtendedJSON;
		};
		4907AAD32073DC71002DD6DE /* PBXContainerItemProxy */ = {
			isa = PBXContainerItemProxy;
			containerPortal = OBJ_1 /* Project object */;
			proxyType = 1;
			remoteGlobalIDString = "JWT::JWT";
			remoteInfo = JWT;
		};
		4907AAD42073DC71002DD6DE /* PBXContainerItemProxy */ = {
			isa = PBXContainerItemProxy;
			containerPortal = OBJ_1 /* Project object */;
			proxyType = 1;
			remoteGlobalIDString = "Swifter::Swifter";
			remoteInfo = Swifter;
		};
		4907AAD52073DC71002DD6DE /* PBXContainerItemProxy */ = {
			isa = PBXContainerItemProxy;
			containerPortal = OBJ_1 /* Project object */;
			proxyType = 1;
			remoteGlobalIDString = "StitchCore::StitchCore";
			remoteInfo = StitchCore;
		};
		4907AAD62073DC71002DD6DE /* PBXContainerItemProxy */ = {
			isa = PBXContainerItemProxy;
			containerPortal = OBJ_1 /* Project object */;
			proxyType = 1;
			remoteGlobalIDString = "ExtendedJSON::ExtendedJSON";
			remoteInfo = ExtendedJSON;
		};
		4907AAD72073DC71002DD6DE /* PBXContainerItemProxy */ = {
			isa = PBXContainerItemProxy;
			containerPortal = OBJ_1 /* Project object */;
			proxyType = 1;
			remoteGlobalIDString = "StitchCore::stitch-ios-sdk-protoTests";
			remoteInfo = "stitch-ios-sdk-protoTests";
		};
/* End PBXContainerItemProxy section */

/* Begin PBXFileReference section */
		"ExtendedJSON::ExtendedJSON::Product" /* ExtendedJSON.framework */ = {isa = PBXFileReference; explicitFileType = wrapper.framework; path = ExtendedJSON.framework; sourceTree = BUILT_PRODUCTS_DIR; };
		"JWT::JWT::Product" /* JWT.framework */ = {isa = PBXFileReference; lastKnownFileType = wrapper.framework; path = JWT.framework; sourceTree = BUILT_PRODUCTS_DIR; };
		OBJ_10 /* CoreAuthProviderClient.swift */ = {isa = PBXFileReference; lastKnownFileType = sourcecode.swift; path = CoreAuthProviderClient.swift; sourceTree = "<group>"; };
		OBJ_101 /* CoreStitchServiceTests.swift */ = {isa = PBXFileReference; lastKnownFileType = sourcecode.swift; path = CoreStitchServiceTests.swift; sourceTree = "<group>"; };
		OBJ_102 /* StitchAppClientConfigurationTests.swift */ = {isa = PBXFileReference; lastKnownFileType = sourcecode.swift; path = StitchAppClientConfigurationTests.swift; sourceTree = "<group>"; };
		OBJ_103 /* StitchAppClientInfoTests.swift */ = {isa = PBXFileReference; lastKnownFileType = sourcecode.swift; path = StitchAppClientInfoTests.swift; sourceTree = "<group>"; };
		OBJ_104 /* StitchClientConfigurationTests.swift */ = {isa = PBXFileReference; lastKnownFileType = sourcecode.swift; path = StitchClientConfigurationTests.swift; sourceTree = "<group>"; };
		OBJ_105 /* stitch_ios_sdk_protoTests.swift */ = {isa = PBXFileReference; lastKnownFileType = sourcecode.swift; path = stitch_ios_sdk_protoTests.swift; sourceTree = "<group>"; };
		OBJ_106 /* Common */ = {isa = PBXFileReference; lastKnownFileType = folder; path = Common; sourceTree = SOURCE_ROOT; };
		OBJ_107 /* DocsSources */ = {isa = PBXFileReference; lastKnownFileType = folder; path = DocsSources; sourceTree = SOURCE_ROOT; };
		OBJ_110 /* Package.swift */ = {isa = PBXFileReference; explicitFileType = sourcecode.swift; name = Package.swift; path = "/Users/jasonflax/Development/stitch-ios-sdk/StitchCore/.build/checkouts/JSONWebToken.swift.git-7307767730484492200/Package.swift"; sourceTree = "<group>"; };
		OBJ_111 /* Base64.swift */ = {isa = PBXFileReference; lastKnownFileType = sourcecode.swift; path = Base64.swift; sourceTree = "<group>"; };
		OBJ_112 /* ClaimSet.swift */ = {isa = PBXFileReference; lastKnownFileType = sourcecode.swift; path = ClaimSet.swift; sourceTree = "<group>"; };
		OBJ_113 /* Claims.swift */ = {isa = PBXFileReference; lastKnownFileType = sourcecode.swift; path = Claims.swift; sourceTree = "<group>"; };
		OBJ_114 /* Decode.swift */ = {isa = PBXFileReference; lastKnownFileType = sourcecode.swift; path = Decode.swift; sourceTree = "<group>"; };
		OBJ_115 /* Encode.swift */ = {isa = PBXFileReference; lastKnownFileType = sourcecode.swift; path = Encode.swift; sourceTree = "<group>"; };
		OBJ_116 /* HMAC.swift */ = {isa = PBXFileReference; lastKnownFileType = sourcecode.swift; path = HMAC.swift; sourceTree = "<group>"; };
		OBJ_117 /* HMACCommonCrypto.swift */ = {isa = PBXFileReference; lastKnownFileType = sourcecode.swift; path = HMACCommonCrypto.swift; sourceTree = "<group>"; };
		OBJ_118 /* JOSEHeader.swift */ = {isa = PBXFileReference; lastKnownFileType = sourcecode.swift; path = JOSEHeader.swift; sourceTree = "<group>"; };
		OBJ_119 /* JWT.swift */ = {isa = PBXFileReference; lastKnownFileType = sourcecode.swift; path = JWT.swift; sourceTree = "<group>"; };
		OBJ_12 /* AccessTokenRefresher.swift */ = {isa = PBXFileReference; lastKnownFileType = sourcecode.swift; path = AccessTokenRefresher.swift; sourceTree = "<group>"; };
		OBJ_122 /* DemoServer.swift */ = {isa = PBXFileReference; lastKnownFileType = sourcecode.swift; path = DemoServer.swift; sourceTree = "<group>"; };
		OBJ_123 /* Errno.swift */ = {isa = PBXFileReference; lastKnownFileType = sourcecode.swift; path = Errno.swift; sourceTree = "<group>"; };
		OBJ_124 /* Files.swift */ = {isa = PBXFileReference; lastKnownFileType = sourcecode.swift; path = Files.swift; sourceTree = "<group>"; };
		OBJ_125 /* HttpParser.swift */ = {isa = PBXFileReference; lastKnownFileType = sourcecode.swift; path = HttpParser.swift; sourceTree = "<group>"; };
		OBJ_126 /* HttpRequest.swift */ = {isa = PBXFileReference; lastKnownFileType = sourcecode.swift; path = HttpRequest.swift; sourceTree = "<group>"; };
		OBJ_127 /* HttpResponse.swift */ = {isa = PBXFileReference; lastKnownFileType = sourcecode.swift; path = HttpResponse.swift; sourceTree = "<group>"; };
		OBJ_128 /* HttpRouter.swift */ = {isa = PBXFileReference; lastKnownFileType = sourcecode.swift; path = HttpRouter.swift; sourceTree = "<group>"; };
		OBJ_129 /* HttpServer.swift */ = {isa = PBXFileReference; lastKnownFileType = sourcecode.swift; path = HttpServer.swift; sourceTree = "<group>"; };
		OBJ_13 /* AuthInfo.swift */ = {isa = PBXFileReference; lastKnownFileType = sourcecode.swift; path = AuthInfo.swift; sourceTree = "<group>"; };
		OBJ_130 /* HttpServerIO.swift */ = {isa = PBXFileReference; lastKnownFileType = sourcecode.swift; path = HttpServerIO.swift; sourceTree = "<group>"; };
		OBJ_131 /* Process.swift */ = {isa = PBXFileReference; lastKnownFileType = sourcecode.swift; path = Process.swift; sourceTree = "<group>"; };
		OBJ_132 /* Scopes.swift */ = {isa = PBXFileReference; lastKnownFileType = sourcecode.swift; path = Scopes.swift; sourceTree = "<group>"; };
		OBJ_133 /* Socket+File.swift */ = {isa = PBXFileReference; lastKnownFileType = sourcecode.swift; path = "Socket+File.swift"; sourceTree = "<group>"; };
		OBJ_134 /* Socket+Server.swift */ = {isa = PBXFileReference; lastKnownFileType = sourcecode.swift; path = "Socket+Server.swift"; sourceTree = "<group>"; };
		OBJ_135 /* Socket.swift */ = {isa = PBXFileReference; lastKnownFileType = sourcecode.swift; path = Socket.swift; sourceTree = "<group>"; };
		OBJ_136 /* String+BASE64.swift */ = {isa = PBXFileReference; lastKnownFileType = sourcecode.swift; path = "String+BASE64.swift"; sourceTree = "<group>"; };
		OBJ_137 /* String+File.swift */ = {isa = PBXFileReference; lastKnownFileType = sourcecode.swift; path = "String+File.swift"; sourceTree = "<group>"; };
		OBJ_138 /* String+Misc.swift */ = {isa = PBXFileReference; lastKnownFileType = sourcecode.swift; path = "String+Misc.swift"; sourceTree = "<group>"; };
		OBJ_139 /* String+SHA1.swift */ = {isa = PBXFileReference; lastKnownFileType = sourcecode.swift; path = "String+SHA1.swift"; sourceTree = "<group>"; };
		OBJ_14 /* AuthStateHolder.swift */ = {isa = PBXFileReference; lastKnownFileType = sourcecode.swift; path = AuthStateHolder.swift; sourceTree = "<group>"; };
		OBJ_140 /* WebSockets.swift */ = {isa = PBXFileReference; lastKnownFileType = sourcecode.swift; path = WebSockets.swift; sourceTree = "<group>"; };
		OBJ_142 /* Package.swift */ = {isa = PBXFileReference; explicitFileType = sourcecode.swift; name = Package.swift; path = "/Users/jasonflax/Development/stitch-ios-sdk/StitchCore/.build/checkouts/swifter.git--8814129713726061435/Package.swift"; sourceTree = "<group>"; };
		OBJ_146 /* BSONArray.swift */ = {isa = PBXFileReference; lastKnownFileType = sourcecode.swift; path = BSONArray.swift; sourceTree = "<group>"; };
		OBJ_147 /* Binary.swift */ = {isa = PBXFileReference; lastKnownFileType = sourcecode.swift; path = Binary.swift; sourceTree = "<group>"; };
		OBJ_148 /* Code.swift */ = {isa = PBXFileReference; lastKnownFileType = sourcecode.swift; path = Code.swift; sourceTree = "<group>"; };
		OBJ_149 /* Coders.swift */ = {isa = PBXFileReference; lastKnownFileType = sourcecode.swift; path = Coders.swift; sourceTree = "<group>"; };
		OBJ_15 /* CoreStitchAuth+StitchAuthRequestClient.swift */ = {isa = PBXFileReference; lastKnownFileType = sourcecode.swift; path = "CoreStitchAuth+StitchAuthRequestClient.swift"; sourceTree = "<group>"; };
		OBJ_150 /* DBPointer.swift */ = {isa = PBXFileReference; lastKnownFileType = sourcecode.swift; path = DBPointer.swift; sourceTree = "<group>"; };
		OBJ_151 /* DBRef.swift */ = {isa = PBXFileReference; lastKnownFileType = sourcecode.swift; path = DBRef.swift; sourceTree = "<group>"; };
		OBJ_152 /* Document.swift */ = {isa = PBXFileReference; lastKnownFileType = sourcecode.swift; path = Document.swift; sourceTree = "<group>"; };
		OBJ_153 /* MaxKey.swift */ = {isa = PBXFileReference; lastKnownFileType = sourcecode.swift; path = MaxKey.swift; sourceTree = "<group>"; };
		OBJ_154 /* MinKey.swift */ = {isa = PBXFileReference; lastKnownFileType = sourcecode.swift; path = MinKey.swift; sourceTree = "<group>"; };
		OBJ_155 /* Null.swift */ = {isa = PBXFileReference; lastKnownFileType = sourcecode.swift; path = Null.swift; sourceTree = "<group>"; };
		OBJ_156 /* ObjectId.swift */ = {isa = PBXFileReference; lastKnownFileType = sourcecode.swift; path = ObjectId.swift; sourceTree = "<group>"; };
		OBJ_157 /* RegularExpression.swift */ = {isa = PBXFileReference; lastKnownFileType = sourcecode.swift; path = RegularExpression.swift; sourceTree = "<group>"; };
		OBJ_158 /* Symbol.swift */ = {isa = PBXFileReference; lastKnownFileType = sourcecode.swift; path = Symbol.swift; sourceTree = "<group>"; };
		OBJ_159 /* Timestamp.swift */ = {isa = PBXFileReference; lastKnownFileType = sourcecode.swift; path = Timestamp.swift; sourceTree = "<group>"; };
		OBJ_16 /* CoreStitchAuth.swift */ = {isa = PBXFileReference; lastKnownFileType = sourcecode.swift; path = CoreStitchAuth.swift; sourceTree = "<group>"; };
		OBJ_160 /* Undefined.swift */ = {isa = PBXFileReference; lastKnownFileType = sourcecode.swift; path = Undefined.swift; sourceTree = "<group>"; };
		OBJ_162 /* Bool+ExtendedJson.swift */ = {isa = PBXFileReference; lastKnownFileType = sourcecode.swift; path = "Bool+ExtendedJson.swift"; sourceTree = "<group>"; };
		OBJ_163 /* BsonArray+ExtendedJson.swift */ = {isa = PBXFileReference; lastKnownFileType = sourcecode.swift; path = "BsonArray+ExtendedJson.swift"; sourceTree = "<group>"; };
		OBJ_164 /* BsonBinary+ExtendedJson.swift */ = {isa = PBXFileReference; lastKnownFileType = sourcecode.swift; path = "BsonBinary+ExtendedJson.swift"; sourceTree = "<group>"; };
		OBJ_165 /* BsonCode+ExtendedJson.swift */ = {isa = PBXFileReference; lastKnownFileType = sourcecode.swift; path = "BsonCode+ExtendedJson.swift"; sourceTree = "<group>"; };
		OBJ_166 /* BsonDBPointer+ExtendedJson.swift */ = {isa = PBXFileReference; lastKnownFileType = sourcecode.swift; path = "BsonDBPointer+ExtendedJson.swift"; sourceTree = "<group>"; };
		OBJ_167 /* BsonDBRef+ExtendedJson.swift */ = {isa = PBXFileReference; lastKnownFileType = sourcecode.swift; path = "BsonDBRef+ExtendedJson.swift"; sourceTree = "<group>"; };
		OBJ_168 /* BsonDocument+ExtendedJson.swift */ = {isa = PBXFileReference; lastKnownFileType = sourcecode.swift; path = "BsonDocument+ExtendedJson.swift"; sourceTree = "<group>"; };
		OBJ_169 /* BsonSymbol+ExtendedJson.swift */ = {isa = PBXFileReference; lastKnownFileType = sourcecode.swift; path = "BsonSymbol+ExtendedJson.swift"; sourceTree = "<group>"; };
		OBJ_17 /* CoreStitchUser.swift */ = {isa = PBXFileReference; lastKnownFileType = sourcecode.swift; path = CoreStitchUser.swift; sourceTree = "<group>"; };
		OBJ_170 /* BsonTimestamp+ExtendedJson.swift */ = {isa = PBXFileReference; lastKnownFileType = sourcecode.swift; path = "BsonTimestamp+ExtendedJson.swift"; sourceTree = "<group>"; };
		OBJ_171 /* BsonUndefined+ExtendedJson.swift */ = {isa = PBXFileReference; lastKnownFileType = sourcecode.swift; path = "BsonUndefined+ExtendedJson.swift"; sourceTree = "<group>"; };
		OBJ_172 /* Date+ExtenedJson.swift */ = {isa = PBXFileReference; lastKnownFileType = sourcecode.swift; path = "Date+ExtenedJson.swift"; sourceTree = "<group>"; };
		OBJ_173 /* Decimal+ExtendedJson.swift */ = {isa = PBXFileReference; lastKnownFileType = sourcecode.swift; path = "Decimal+ExtendedJson.swift"; sourceTree = "<group>"; };
		OBJ_174 /* Double+ExtendedJson.swift */ = {isa = PBXFileReference; lastKnownFileType = sourcecode.swift; path = "Double+ExtendedJson.swift"; sourceTree = "<group>"; };
		OBJ_175 /* ExtendedJsonRepresentable.swift */ = {isa = PBXFileReference; lastKnownFileType = sourcecode.swift; path = ExtendedJsonRepresentable.swift; sourceTree = "<group>"; };
		OBJ_176 /* Int+ExtendedJson.swift */ = {isa = PBXFileReference; lastKnownFileType = sourcecode.swift; path = "Int+ExtendedJson.swift"; sourceTree = "<group>"; };
		OBJ_177 /* MaxKey+ExtendedJson.swift */ = {isa = PBXFileReference; lastKnownFileType = sourcecode.swift; path = "MaxKey+ExtendedJson.swift"; sourceTree = "<group>"; };
		OBJ_178 /* MinKey+ExtendedJson.swift */ = {isa = PBXFileReference; lastKnownFileType = sourcecode.swift; path = "MinKey+ExtendedJson.swift"; sourceTree = "<group>"; };
		OBJ_179 /* ObjectId+ExtendedJson.swift */ = {isa = PBXFileReference; lastKnownFileType = sourcecode.swift; path = "ObjectId+ExtendedJson.swift"; sourceTree = "<group>"; };
		OBJ_18 /* DeviceField.swift */ = {isa = PBXFileReference; lastKnownFileType = sourcecode.swift; path = DeviceField.swift; sourceTree = "<group>"; };
		OBJ_180 /* String+ExtendedJson.swift */ = {isa = PBXFileReference; lastKnownFileType = sourcecode.swift; path = "String+ExtendedJson.swift"; sourceTree = "<group>"; };
		OBJ_181 /* UUID+ExtendedJson.swift */ = {isa = PBXFileReference; lastKnownFileType = sourcecode.swift; path = "UUID+ExtendedJson.swift"; sourceTree = "<group>"; };
		OBJ_183 /* BsonError.swift */ = {isa = PBXFileReference; lastKnownFileType = sourcecode.swift; path = BsonError.swift; sourceTree = "<group>"; };
		OBJ_184 /* Validators.swift */ = {isa = PBXFileReference; lastKnownFileType = sourcecode.swift; path = Validators.swift; sourceTree = "<group>"; };
		OBJ_185 /* Package.swift */ = {isa = PBXFileReference; explicitFileType = sourcecode.swift; name = Package.swift; path = "/Users/jasonflax/Development/stitch-ios-sdk/StitchCore/.build/checkouts/ExtendedJSON-4567327050272746131/Package.swift"; sourceTree = "<group>"; };
		OBJ_20 /* APIAccessToken.swift */ = {isa = PBXFileReference; lastKnownFileType = sourcecode.swift; path = APIAccessToken.swift; sourceTree = "<group>"; };
		OBJ_21 /* APIAuthInfoImpl.swift */ = {isa = PBXFileReference; lastKnownFileType = sourcecode.swift; path = APIAuthInfoImpl.swift; sourceTree = "<group>"; };
		OBJ_22 /* APICoreUserProfile.swift */ = {isa = PBXFileReference; lastKnownFileType = sourcecode.swift; path = APICoreUserProfile.swift; sourceTree = "<group>"; };
		OBJ_23 /* APIStitchUserIdentity.swift */ = {isa = PBXFileReference; lastKnownFileType = sourcecode.swift; path = APIStitchUserIdentity.swift; sourceTree = "<group>"; };
		OBJ_24 /* StoreAuthInfo.swift */ = {isa = PBXFileReference; lastKnownFileType = sourcecode.swift; path = StoreAuthInfo.swift; sourceTree = "<group>"; };
		OBJ_25 /* StoreCoreUserProfile.swift */ = {isa = PBXFileReference; lastKnownFileType = sourcecode.swift; path = StoreCoreUserProfile.swift; sourceTree = "<group>"; };
		OBJ_26 /* StoreStitchUserIdentity.swift */ = {isa = PBXFileReference; lastKnownFileType = sourcecode.swift; path = StoreStitchUserIdentity.swift; sourceTree = "<group>"; };
		OBJ_27 /* StitchAuthRequestClient.swift */ = {isa = PBXFileReference; lastKnownFileType = sourcecode.swift; path = StitchAuthRequestClient.swift; sourceTree = "<group>"; };
		OBJ_28 /* StitchUserFactory.swift */ = {isa = PBXFileReference; lastKnownFileType = sourcecode.swift; path = StitchUserFactory.swift; sourceTree = "<group>"; };
		OBJ_29 /* ProviderCapabilities.swift */ = {isa = PBXFileReference; lastKnownFileType = sourcecode.swift; path = ProviderCapabilities.swift; sourceTree = "<group>"; };
		OBJ_32 /* AnonymousCredential.swift */ = {isa = PBXFileReference; lastKnownFileType = sourcecode.swift; path = AnonymousCredential.swift; sourceTree = "<group>"; };
		OBJ_33 /* CoreAnonymousAuthProviderClient.swift */ = {isa = PBXFileReference; lastKnownFileType = sourcecode.swift; path = CoreAnonymousAuthProviderClient.swift; sourceTree = "<group>"; };
		OBJ_35 /* CoreCustomAuthProviderClient.swift */ = {isa = PBXFileReference; lastKnownFileType = sourcecode.swift; path = CoreCustomAuthProviderClient.swift; sourceTree = "<group>"; };
		OBJ_36 /* CustomCredential.swift */ = {isa = PBXFileReference; lastKnownFileType = sourcecode.swift; path = CustomCredential.swift; sourceTree = "<group>"; };
		OBJ_38 /* CoreFacebookAuthProviderClient.swift */ = {isa = PBXFileReference; lastKnownFileType = sourcecode.swift; path = CoreFacebookAuthProviderClient.swift; sourceTree = "<group>"; };
		OBJ_39 /* FacebookCredential.swift */ = {isa = PBXFileReference; lastKnownFileType = sourcecode.swift; path = FacebookCredential.swift; sourceTree = "<group>"; };
		OBJ_41 /* CoreGoogleAuthProviderClient.swift */ = {isa = PBXFileReference; lastKnownFileType = sourcecode.swift; path = CoreGoogleAuthProviderClient.swift; sourceTree = "<group>"; };
		OBJ_42 /* GoogleCredential.swift */ = {isa = PBXFileReference; lastKnownFileType = sourcecode.swift; path = GoogleCredential.swift; sourceTree = "<group>"; };
		OBJ_44 /* CoreServerAPIKeyAuthProviderClient.swift */ = {isa = PBXFileReference; lastKnownFileType = sourcecode.swift; path = CoreServerAPIKeyAuthProviderClient.swift; sourceTree = "<group>"; };
		OBJ_45 /* ServerAPIKeyCredential.swift */ = {isa = PBXFileReference; lastKnownFileType = sourcecode.swift; path = ServerAPIKeyCredential.swift; sourceTree = "<group>"; };
		OBJ_46 /* StitchProviderType.swift */ = {isa = PBXFileReference; lastKnownFileType = sourcecode.swift; path = StitchProviderType.swift; sourceTree = "<group>"; };
		OBJ_48 /* CoreUserAPIKeyAuthProviderClient.swift */ = {isa = PBXFileReference; lastKnownFileType = sourcecode.swift; path = CoreUserAPIKeyAuthProviderClient.swift; sourceTree = "<group>"; };
		OBJ_49 /* UserAPIKeyCredential.swift */ = {isa = PBXFileReference; lastKnownFileType = sourcecode.swift; path = UserAPIKeyCredential.swift; sourceTree = "<group>"; };
		OBJ_51 /* CoreUserPasswordAuthProviderClient.swift */ = {isa = PBXFileReference; lastKnownFileType = sourcecode.swift; path = CoreUserPasswordAuthProviderClient.swift; sourceTree = "<group>"; };
		OBJ_52 /* UserPasswordCredential.swift */ = {isa = PBXFileReference; lastKnownFileType = sourcecode.swift; path = UserPasswordCredential.swift; sourceTree = "<group>"; };
		OBJ_53 /* StitchCredential.swift */ = {isa = PBXFileReference; lastKnownFileType = sourcecode.swift; path = StitchCredential.swift; sourceTree = "<group>"; };
		OBJ_54 /* StitchUserIdentity.swift */ = {isa = PBXFileReference; lastKnownFileType = sourcecode.swift; path = StitchUserIdentity.swift; sourceTree = "<group>"; };
		OBJ_55 /* StitchUserProfile.swift */ = {isa = PBXFileReference; lastKnownFileType = sourcecode.swift; path = StitchUserProfile.swift; sourceTree = "<group>"; };
		OBJ_58 /* ImplFailureFatalErrors.swift */ = {isa = PBXFileReference; lastKnownFileType = sourcecode.swift; path = ImplFailureFatalErrors.swift; sourceTree = "<group>"; };
		OBJ_59 /* JWT.swift */ = {isa = PBXFileReference; lastKnownFileType = sourcecode.swift; path = JWT.swift; sourceTree = "<group>"; };
		OBJ_6 /* Package.swift */ = {isa = PBXFileReference; explicitFileType = sourcecode.swift; path = Package.swift; sourceTree = "<group>"; };
		OBJ_60 /* Storage.swift */ = {isa = PBXFileReference; lastKnownFileType = sourcecode.swift; path = Storage.swift; sourceTree = "<group>"; };
		OBJ_61 /* CoreStitchAppClient.swift */ = {isa = PBXFileReference; lastKnownFileType = sourcecode.swift; path = CoreStitchAppClient.swift; sourceTree = "<group>"; };
		OBJ_63 /* ContentType.swift */ = {isa = PBXFileReference; lastKnownFileType = sourcecode.swift; path = ContentType.swift; sourceTree = "<group>"; };
		OBJ_64 /* FoundationHTTPTransport.swift */ = {isa = PBXFileReference; lastKnownFileType = sourcecode.swift; path = FoundationHTTPTransport.swift; sourceTree = "<group>"; };
		OBJ_65 /* Headers.swift */ = {isa = PBXFileReference; lastKnownFileType = sourcecode.swift; path = Headers.swift; sourceTree = "<group>"; };
		OBJ_66 /* Method.swift */ = {isa = PBXFileReference; lastKnownFileType = sourcecode.swift; path = Method.swift; sourceTree = "<group>"; };
		OBJ_68 /* Request.swift */ = {isa = PBXFileReference; lastKnownFileType = sourcecode.swift; path = Request.swift; sourceTree = "<group>"; };
		OBJ_69 /* StitchAuthRequest.swift */ = {isa = PBXFileReference; lastKnownFileType = sourcecode.swift; path = StitchAuthRequest.swift; sourceTree = "<group>"; };
		OBJ_70 /* StitchRequest.swift */ = {isa = PBXFileReference; lastKnownFileType = sourcecode.swift; path = StitchRequest.swift; sourceTree = "<group>"; };
		OBJ_71 /* StitchAppRoutes.swift */ = {isa = PBXFileReference; lastKnownFileType = sourcecode.swift; path = StitchAppRoutes.swift; sourceTree = "<group>"; };
		OBJ_72 /* StitchRequestClient.swift */ = {isa = PBXFileReference; lastKnownFileType = sourcecode.swift; path = StitchRequestClient.swift; sourceTree = "<group>"; };
		OBJ_73 /* Transport.swift */ = {isa = PBXFileReference; lastKnownFileType = sourcecode.swift; path = Transport.swift; sourceTree = "<group>"; };
		OBJ_76 /* CoreStitchService.swift */ = {isa = PBXFileReference; lastKnownFileType = sourcecode.swift; path = CoreStitchService.swift; sourceTree = "<group>"; };
		OBJ_77 /* StitchAppClientConfiguration.swift */ = {isa = PBXFileReference; lastKnownFileType = sourcecode.swift; path = StitchAppClientConfiguration.swift; sourceTree = "<group>"; };
		OBJ_78 /* StitchAppClientInfo.swift */ = {isa = PBXFileReference; lastKnownFileType = sourcecode.swift; path = StitchAppClientInfo.swift; sourceTree = "<group>"; };
		OBJ_79 /* StitchClientConfiguration.swift */ = {isa = PBXFileReference; lastKnownFileType = sourcecode.swift; path = StitchClientConfiguration.swift; sourceTree = "<group>"; };
		OBJ_80 /* StitchError.swift */ = {isa = PBXFileReference; lastKnownFileType = sourcecode.swift; path = StitchError.swift; sourceTree = "<group>"; };
		OBJ_85 /* AccessTokenRefresherTests.swift */ = {isa = PBXFileReference; lastKnownFileType = sourcecode.swift; path = AccessTokenRefresherTests.swift; sourceTree = "<group>"; };
		OBJ_86 /* CoreStitchAuthTests.swift */ = {isa = PBXFileReference; lastKnownFileType = sourcecode.swift; path = CoreStitchAuthTests.swift; sourceTree = "<group>"; };
		OBJ_88 /* StoreAuthInfoTests.swift */ = {isa = PBXFileReference; lastKnownFileType = sourcecode.swift; path = StoreAuthInfoTests.swift; sourceTree = "<group>"; };
		OBJ_91 /* CoreUserPasswordAuthProviderClientTests.swift */ = {isa = PBXFileReference; lastKnownFileType = sourcecode.swift; path = CoreUserPasswordAuthProviderClientTests.swift; sourceTree = "<group>"; };
		OBJ_92 /* StitchUserProfileTests.swift */ = {isa = PBXFileReference; lastKnownFileType = sourcecode.swift; path = StitchUserProfileTests.swift; sourceTree = "<group>"; };
		OBJ_95 /* SynchronizedTests.swift */ = {isa = PBXFileReference; lastKnownFileType = sourcecode.swift; path = SynchronizedTests.swift; sourceTree = "<group>"; };
		OBJ_97 /* FoundationHTTPTransportTests.swift */ = {isa = PBXFileReference; lastKnownFileType = sourcecode.swift; path = FoundationHTTPTransportTests.swift; sourceTree = "<group>"; };
		OBJ_98 /* StitchRequestClientTests.swift */ = {isa = PBXFileReference; lastKnownFileType = sourcecode.swift; path = StitchRequestClientTests.swift; sourceTree = "<group>"; };
		"StitchCore::StitchCore::Product" /* StitchCore.framework */ = {isa = PBXFileReference; lastKnownFileType = wrapper.framework; path = StitchCore.framework; sourceTree = BUILT_PRODUCTS_DIR; };
		"StitchCore::stitch-ios-sdk-protoTests::Product" /* stitch_ios_sdk_protoTests.xctest */ = {isa = PBXFileReference; lastKnownFileType = file; name = stitch_ios_sdk_protoTests.xctest; path = "stitch-ios-sdk-protoTests.xctest"; sourceTree = BUILT_PRODUCTS_DIR; };
		"Swifter::Swifter::Product" /* Swifter.framework */ = {isa = PBXFileReference; lastKnownFileType = wrapper.framework; path = Swifter.framework; sourceTree = BUILT_PRODUCTS_DIR; };
/* End PBXFileReference section */

/* Begin PBXFrameworksBuildPhase section */
		OBJ_234 /* Frameworks */ = {
			isa = PBXFrameworksBuildPhase;
			buildActionMask = 0;
			files = (
				OBJ_235 /* JWT.framework in Frameworks */,
				OBJ_236 /* Swifter.framework in Frameworks */,
				OBJ_237 /* StitchCore.framework in Frameworks */,
				OBJ_238 /* ExtendedJSON.framework in Frameworks */,
			);
			runOnlyForDeploymentPostprocessing = 0;
		};
		OBJ_260 /* Frameworks */ = {
			isa = PBXFrameworksBuildPhase;
			buildActionMask = 0;
			files = (
			);
			runOnlyForDeploymentPostprocessing = 0;
		};
		OBJ_284 /* Frameworks */ = {
			isa = PBXFrameworksBuildPhase;
			buildActionMask = 0;
			files = (
			);
			runOnlyForDeploymentPostprocessing = 0;
		};
		OBJ_344 /* Frameworks */ = {
			isa = PBXFrameworksBuildPhase;
			buildActionMask = 0;
			files = (
				OBJ_345 /* ExtendedJSON.framework in Frameworks */,
			);
			runOnlyForDeploymentPostprocessing = 0;
		};
		OBJ_388 /* Frameworks */ = {
			isa = PBXFrameworksBuildPhase;
			buildActionMask = 0;
			files = (
			);
			runOnlyForDeploymentPostprocessing = 0;
		};
/* End PBXFrameworksBuildPhase section */

/* Begin PBXGroup section */
		OBJ_100 /* Internal */ = {
			isa = PBXGroup;
			children = (
				OBJ_101 /* CoreStitchServiceTests.swift */,
			);
			path = Internal;
			sourceTree = "<group>";
		};
		OBJ_108 /* Dependencies */ = {
			isa = PBXGroup;
			children = (
				OBJ_109 /* JWT 2.2.0 */,
				OBJ_120 /* Swifter 1.4.0 */,
				OBJ_143 /* ExtendedJSON */,
			);
			name = Dependencies;
			sourceTree = "<group>";
		};
		OBJ_109 /* JWT 2.2.0 */ = {
			isa = PBXGroup;
			children = (
				OBJ_110 /* Package.swift */,
				OBJ_111 /* Base64.swift */,
				OBJ_112 /* ClaimSet.swift */,
				OBJ_113 /* Claims.swift */,
				OBJ_114 /* Decode.swift */,
				OBJ_115 /* Encode.swift */,
				OBJ_116 /* HMAC.swift */,
				OBJ_117 /* HMACCommonCrypto.swift */,
				OBJ_118 /* JOSEHeader.swift */,
				OBJ_119 /* JWT.swift */,
			);
			name = "JWT 2.2.0";
			path = ".build/checkouts/JSONWebToken.swift.git-7307767730484492200/Sources";
			sourceTree = SOURCE_ROOT;
		};
		OBJ_11 /* Internal */ = {
			isa = PBXGroup;
			children = (
				OBJ_12 /* AccessTokenRefresher.swift */,
				OBJ_13 /* AuthInfo.swift */,
				OBJ_14 /* AuthStateHolder.swift */,
				OBJ_15 /* CoreStitchAuth+StitchAuthRequestClient.swift */,
				OBJ_16 /* CoreStitchAuth.swift */,
				OBJ_17 /* CoreStitchUser.swift */,
				OBJ_18 /* DeviceField.swift */,
				OBJ_19 /* Models */,
				OBJ_27 /* StitchAuthRequestClient.swift */,
				OBJ_28 /* StitchUserFactory.swift */,
			);
			path = Internal;
			sourceTree = "<group>";
		};
		OBJ_120 /* Swifter 1.4.0 */ = {
			isa = PBXGroup;
			children = (
				OBJ_121 /* Swifter */,
				OBJ_141 /* Example */,
				OBJ_142 /* Package.swift */,
			);
			name = "Swifter 1.4.0";
			sourceTree = SOURCE_ROOT;
		};
		OBJ_121 /* Swifter */ = {
			isa = PBXGroup;
			children = (
				OBJ_122 /* DemoServer.swift */,
				OBJ_123 /* Errno.swift */,
				OBJ_124 /* Files.swift */,
				OBJ_125 /* HttpParser.swift */,
				OBJ_126 /* HttpRequest.swift */,
				OBJ_127 /* HttpResponse.swift */,
				OBJ_128 /* HttpRouter.swift */,
				OBJ_129 /* HttpServer.swift */,
				OBJ_130 /* HttpServerIO.swift */,
				OBJ_131 /* Process.swift */,
				OBJ_132 /* Scopes.swift */,
				OBJ_133 /* Socket+File.swift */,
				OBJ_134 /* Socket+Server.swift */,
				OBJ_135 /* Socket.swift */,
				OBJ_136 /* String+BASE64.swift */,
				OBJ_137 /* String+File.swift */,
				OBJ_138 /* String+Misc.swift */,
				OBJ_139 /* String+SHA1.swift */,
				OBJ_140 /* WebSockets.swift */,
			);
			name = Swifter;
			path = ".build/checkouts/swifter.git--8814129713726061435/Sources";
			sourceTree = SOURCE_ROOT;
		};
		OBJ_141 /* Example */ = {
			isa = PBXGroup;
			children = (
			);
			name = Example;
			path = ".build/checkouts/swifter.git--8814129713726061435/Example";
			sourceTree = SOURCE_ROOT;
		};
		OBJ_143 /* ExtendedJSON */ = {
			isa = PBXGroup;
			children = (
				OBJ_144 /* ExtendedJSON */,
				OBJ_185 /* Package.swift */,
			);
			name = ExtendedJSON;
			sourceTree = SOURCE_ROOT;
		};
		OBJ_144 /* ExtendedJSON */ = {
			isa = PBXGroup;
			children = (
				OBJ_145 /* Bson */,
				OBJ_161 /* ExtendedJSON */,
				OBJ_182 /* Helpers */,
			);
			name = ExtendedJSON;
			path = ".build/checkouts/ExtendedJSON-4567327050272746131/Sources/ExtendedJSON";
			sourceTree = SOURCE_ROOT;
		};
		OBJ_145 /* Bson */ = {
			isa = PBXGroup;
			children = (
				OBJ_146 /* BSONArray.swift */,
				OBJ_147 /* Binary.swift */,
				OBJ_148 /* Code.swift */,
				OBJ_149 /* Coders.swift */,
				OBJ_150 /* DBPointer.swift */,
				OBJ_151 /* DBRef.swift */,
				OBJ_152 /* Document.swift */,
				OBJ_153 /* MaxKey.swift */,
				OBJ_154 /* MinKey.swift */,
				OBJ_155 /* Null.swift */,
				OBJ_156 /* ObjectId.swift */,
				OBJ_157 /* RegularExpression.swift */,
				OBJ_158 /* Symbol.swift */,
				OBJ_159 /* Timestamp.swift */,
				OBJ_160 /* Undefined.swift */,
			);
			path = Bson;
			sourceTree = "<group>";
		};
		OBJ_161 /* ExtendedJSON */ = {
			isa = PBXGroup;
			children = (
				OBJ_162 /* Bool+ExtendedJson.swift */,
				OBJ_163 /* BsonArray+ExtendedJson.swift */,
				OBJ_164 /* BsonBinary+ExtendedJson.swift */,
				OBJ_165 /* BsonCode+ExtendedJson.swift */,
				OBJ_166 /* BsonDBPointer+ExtendedJson.swift */,
				OBJ_167 /* BsonDBRef+ExtendedJson.swift */,
				OBJ_168 /* BsonDocument+ExtendedJson.swift */,
				OBJ_169 /* BsonSymbol+ExtendedJson.swift */,
				OBJ_170 /* BsonTimestamp+ExtendedJson.swift */,
				OBJ_171 /* BsonUndefined+ExtendedJson.swift */,
				OBJ_172 /* Date+ExtenedJson.swift */,
				OBJ_173 /* Decimal+ExtendedJson.swift */,
				OBJ_174 /* Double+ExtendedJson.swift */,
				OBJ_175 /* ExtendedJsonRepresentable.swift */,
				OBJ_176 /* Int+ExtendedJson.swift */,
				OBJ_177 /* MaxKey+ExtendedJson.swift */,
				OBJ_178 /* MinKey+ExtendedJson.swift */,
				OBJ_179 /* ObjectId+ExtendedJson.swift */,
				OBJ_180 /* String+ExtendedJson.swift */,
				OBJ_181 /* UUID+ExtendedJson.swift */,
			);
			path = ExtendedJSON;
			sourceTree = "<group>";
		};
		OBJ_182 /* Helpers */ = {
			isa = PBXGroup;
			children = (
				OBJ_183 /* BsonError.swift */,
				OBJ_184 /* Validators.swift */,
			);
			path = Helpers;
			sourceTree = "<group>";
		};
		OBJ_186 /* Products */ = {
			isa = PBXGroup;
			children = (
				"StitchCore::stitch-ios-sdk-protoTests::Product" /* stitch_ios_sdk_protoTests.xctest */,
				"JWT::JWT::Product" /* JWT.framework */,
				"Swifter::Swifter::Product" /* Swifter.framework */,
				"StitchCore::StitchCore::Product" /* StitchCore.framework */,
				"ExtendedJSON::ExtendedJSON::Product" /* ExtendedJSON.framework */,
			);
			name = Products;
			sourceTree = BUILT_PRODUCTS_DIR;
		};
		OBJ_19 /* Models */ = {
			isa = PBXGroup;
			children = (
				OBJ_20 /* APIAccessToken.swift */,
				OBJ_21 /* APIAuthInfoImpl.swift */,
				OBJ_22 /* APICoreUserProfile.swift */,
				OBJ_23 /* APIStitchUserIdentity.swift */,
				OBJ_24 /* StoreAuthInfo.swift */,
				OBJ_25 /* StoreCoreUserProfile.swift */,
				OBJ_26 /* StoreStitchUserIdentity.swift */,
			);
			path = Models;
			sourceTree = "<group>";
		};
		OBJ_30 /* Providers */ = {
			isa = PBXGroup;
			children = (
				OBJ_31 /* Anonymous */,
				OBJ_34 /* Custom */,
				OBJ_37 /* Facebook */,
				OBJ_40 /* Google */,
				OBJ_43 /* ServerAPIKey */,
				OBJ_46 /* StitchProviderType.swift */,
				OBJ_47 /* UserAPIKey */,
				OBJ_50 /* UserPass */,
			);
			path = Providers;
			sourceTree = "<group>";
		};
		OBJ_31 /* Anonymous */ = {
			isa = PBXGroup;
			children = (
				OBJ_32 /* AnonymousCredential.swift */,
				OBJ_33 /* CoreAnonymousAuthProviderClient.swift */,
			);
			path = Anonymous;
			sourceTree = "<group>";
		};
		OBJ_34 /* Custom */ = {
			isa = PBXGroup;
			children = (
				OBJ_35 /* CoreCustomAuthProviderClient.swift */,
				OBJ_36 /* CustomCredential.swift */,
			);
			path = Custom;
			sourceTree = "<group>";
		};
		OBJ_37 /* Facebook */ = {
			isa = PBXGroup;
			children = (
				OBJ_38 /* CoreFacebookAuthProviderClient.swift */,
				OBJ_39 /* FacebookCredential.swift */,
			);
			path = Facebook;
			sourceTree = "<group>";
		};
		OBJ_40 /* Google */ = {
			isa = PBXGroup;
			children = (
				OBJ_41 /* CoreGoogleAuthProviderClient.swift */,
				OBJ_42 /* GoogleCredential.swift */,
			);
			path = Google;
			sourceTree = "<group>";
		};
		OBJ_43 /* ServerAPIKey */ = {
			isa = PBXGroup;
			children = (
				OBJ_44 /* CoreServerAPIKeyAuthProviderClient.swift */,
				OBJ_45 /* ServerAPIKeyCredential.swift */,
			);
			path = ServerAPIKey;
			sourceTree = "<group>";
		};
		OBJ_47 /* UserAPIKey */ = {
			isa = PBXGroup;
			children = (
				OBJ_48 /* CoreUserAPIKeyAuthProviderClient.swift */,
				OBJ_49 /* UserAPIKeyCredential.swift */,
			);
			path = UserAPIKey;
			sourceTree = "<group>";
		};
		OBJ_5 /*  */ = {
			isa = PBXGroup;
			children = (
				OBJ_6 /* Package.swift */,
				OBJ_7 /* Sources */,
				OBJ_81 /* Tests */,
				OBJ_106 /* Common */,
				OBJ_107 /* DocsSources */,
				OBJ_108 /* Dependencies */,
				OBJ_186 /* Products */,
			);
			name = "";
			sourceTree = "<group>";
		};
		OBJ_50 /* UserPass */ = {
			isa = PBXGroup;
			children = (
				OBJ_51 /* CoreUserPasswordAuthProviderClient.swift */,
				OBJ_52 /* UserPasswordCredential.swift */,
			);
			path = UserPass;
			sourceTree = "<group>";
		};
		OBJ_56 /* Internal */ = {
			isa = PBXGroup;
			children = (
				OBJ_57 /* Common */,
				OBJ_61 /* CoreStitchAppClient.swift */,
				OBJ_62 /* Net */,
			);
			path = Internal;
			sourceTree = "<group>";
		};
		OBJ_57 /* Common */ = {
			isa = PBXGroup;
			children = (
				OBJ_58 /* ImplFailureFatalErrors.swift */,
				OBJ_59 /* JWT.swift */,
				OBJ_60 /* Storage.swift */,
			);
			path = Common;
			sourceTree = "<group>";
		};
		OBJ_62 /* Net */ = {
			isa = PBXGroup;
			children = (
				OBJ_63 /* ContentType.swift */,
				OBJ_64 /* FoundationHTTPTransport.swift */,
				OBJ_65 /* Headers.swift */,
				OBJ_66 /* Method.swift */,
				OBJ_67 /* Requests */,
				OBJ_71 /* StitchAppRoutes.swift */,
				OBJ_72 /* StitchRequestClient.swift */,
				OBJ_73 /* Transport.swift */,
			);
			path = Net;
			sourceTree = "<group>";
		};
		OBJ_67 /* Requests */ = {
			isa = PBXGroup;
			children = (
				OBJ_68 /* Request.swift */,
				OBJ_69 /* StitchAuthRequest.swift */,
				OBJ_70 /* StitchRequest.swift */,
			);
			path = Requests;
			sourceTree = "<group>";
		};
		OBJ_7 /* Sources */ = {
			isa = PBXGroup;
			children = (
				OBJ_8 /* StitchCore */,
			);
			name = Sources;
			sourceTree = SOURCE_ROOT;
		};
		OBJ_74 /* Services */ = {
			isa = PBXGroup;
			children = (
				OBJ_75 /* Internal */,
			);
			path = Services;
			sourceTree = "<group>";
		};
		OBJ_75 /* Internal */ = {
			isa = PBXGroup;
			children = (
				OBJ_76 /* CoreStitchService.swift */,
			);
			path = Internal;
			sourceTree = "<group>";
		};
		OBJ_8 /* StitchCore */ = {
			isa = PBXGroup;
			children = (
				OBJ_9 /* Auth */,
				OBJ_56 /* Internal */,
				OBJ_74 /* Services */,
				OBJ_77 /* StitchAppClientConfiguration.swift */,
				OBJ_78 /* StitchAppClientInfo.swift */,
				OBJ_79 /* StitchClientConfiguration.swift */,
				OBJ_80 /* StitchError.swift */,
			);
			name = StitchCore;
			path = Sources/StitchCore;
			sourceTree = SOURCE_ROOT;
		};
		OBJ_81 /* Tests */ = {
			isa = PBXGroup;
			children = (
				OBJ_82 /* stitch-ios-sdk-protoTests */,
			);
			name = Tests;
			sourceTree = SOURCE_ROOT;
		};
		OBJ_82 /* stitch-ios-sdk-protoTests */ = {
			isa = PBXGroup;
			children = (
				OBJ_83 /* Auth */,
				OBJ_93 /* Internal */,
				OBJ_99 /* Services */,
				OBJ_102 /* StitchAppClientConfigurationTests.swift */,
				OBJ_103 /* StitchAppClientInfoTests.swift */,
				OBJ_104 /* StitchClientConfigurationTests.swift */,
				OBJ_105 /* stitch_ios_sdk_protoTests.swift */,
			);
			name = "stitch-ios-sdk-protoTests";
			path = "Tests/stitch-ios-sdk-protoTests";
			sourceTree = SOURCE_ROOT;
		};
		OBJ_83 /* Auth */ = {
			isa = PBXGroup;
			children = (
				OBJ_84 /* Internal */,
				OBJ_89 /* Providers */,
				OBJ_92 /* StitchUserProfileTests.swift */,
			);
			path = Auth;
			sourceTree = "<group>";
		};
		OBJ_84 /* Internal */ = {
			isa = PBXGroup;
			children = (
				OBJ_85 /* AccessTokenRefresherTests.swift */,
				OBJ_86 /* CoreStitchAuthTests.swift */,
				OBJ_87 /* Models */,
			);
			path = Internal;
			sourceTree = "<group>";
		};
		OBJ_87 /* Models */ = {
			isa = PBXGroup;
			children = (
				OBJ_88 /* StoreAuthInfoTests.swift */,
			);
			path = Models;
			sourceTree = "<group>";
		};
		OBJ_89 /* Providers */ = {
			isa = PBXGroup;
			children = (
				OBJ_90 /* UserPass */,
			);
			path = Providers;
			sourceTree = "<group>";
		};
		OBJ_9 /* Auth */ = {
			isa = PBXGroup;
			children = (
				OBJ_10 /* CoreAuthProviderClient.swift */,
				OBJ_11 /* Internal */,
				OBJ_29 /* ProviderCapabilities.swift */,
				OBJ_30 /* Providers */,
				OBJ_53 /* StitchCredential.swift */,
				OBJ_54 /* StitchUserIdentity.swift */,
				OBJ_55 /* StitchUserProfile.swift */,
			);
			path = Auth;
			sourceTree = "<group>";
		};
		OBJ_90 /* UserPass */ = {
			isa = PBXGroup;
			children = (
				OBJ_91 /* CoreUserPasswordAuthProviderClientTests.swift */,
			);
			path = UserPass;
			sourceTree = "<group>";
		};
		OBJ_93 /* Internal */ = {
			isa = PBXGroup;
			children = (
				OBJ_94 /* Common */,
				OBJ_96 /* Net */,
			);
			path = Internal;
			sourceTree = "<group>";
		};
		OBJ_94 /* Common */ = {
			isa = PBXGroup;
			children = (
				OBJ_95 /* SynchronizedTests.swift */,
			);
			path = Common;
			sourceTree = "<group>";
		};
		OBJ_96 /* Net */ = {
			isa = PBXGroup;
			children = (
				OBJ_97 /* FoundationHTTPTransportTests.swift */,
				OBJ_98 /* StitchRequestClientTests.swift */,
			);
			path = Net;
			sourceTree = "<group>";
		};
		OBJ_99 /* Services */ = {
			isa = PBXGroup;
			children = (
				OBJ_100 /* Internal */,
			);
			path = Services;
			sourceTree = "<group>";
		};
/* End PBXGroup section */

/* Begin PBXNativeTarget section */
		"ExtendedJSON::ExtendedJSON" /* ExtendedJSON */ = {
			isa = PBXNativeTarget;
			buildConfigurationList = OBJ_347 /* Build configuration list for PBXNativeTarget "ExtendedJSON" */;
			buildPhases = (
				OBJ_350 /* Sources */,
				OBJ_388 /* Frameworks */,
			);
			buildRules = (
			);
			dependencies = (
			);
			name = ExtendedJSON;
			productName = ExtendedJSON;
			productReference = "ExtendedJSON::ExtendedJSON::Product" /* ExtendedJSON.framework */;
			productType = "com.apple.product-type.framework";
		};
		"ExtendedJSON::SwiftPMPackageDescription" /* ExtendedJSONPackageDescription */ = {
			isa = PBXNativeTarget;
			buildConfigurationList = OBJ_211 /* Build configuration list for PBXNativeTarget "ExtendedJSONPackageDescription" */;
			buildPhases = (
				OBJ_214 /* Sources */,
			);
			buildRules = (
			);
			dependencies = (
			);
			name = ExtendedJSONPackageDescription;
			productName = ExtendedJSONPackageDescription;
			productType = "com.apple.product-type.framework";
		};
		"JWT::JWT" /* JWT */ = {
			isa = PBXNativeTarget;
			buildConfigurationList = OBJ_247 /* Build configuration list for PBXNativeTarget "JWT" */;
			buildPhases = (
				OBJ_250 /* Sources */,
				OBJ_260 /* Frameworks */,
			);
			buildRules = (
			);
			dependencies = (
			);
			name = JWT;
			productName = JWT;
			productReference = "JWT::JWT::Product" /* JWT.framework */;
			productType = "com.apple.product-type.framework";
		};
		"JWT::SwiftPMPackageDescription" /* JWTPackageDescription */ = {
			isa = PBXNativeTarget;
			buildConfigurationList = OBJ_199 /* Build configuration list for PBXNativeTarget "JWTPackageDescription" */;
			buildPhases = (
				OBJ_202 /* Sources */,
			);
			buildRules = (
			);
			dependencies = (
			);
			name = JWTPackageDescription;
			productName = JWTPackageDescription;
			productType = "com.apple.product-type.framework";
		};
		"StitchCore::StitchCore" /* StitchCore */ = {
			isa = PBXNativeTarget;
			buildConfigurationList = OBJ_285 /* Build configuration list for PBXNativeTarget "StitchCore" */;
			buildPhases = (
				OBJ_288 /* Sources */,
				OBJ_344 /* Frameworks */,
			);
			buildRules = (
			);
			dependencies = (
				OBJ_346 /* PBXTargetDependency */,
			);
			name = StitchCore;
			productName = StitchCore;
			productReference = "StitchCore::StitchCore::Product" /* StitchCore.framework */;
			productType = "com.apple.product-type.framework";
		};
		"StitchCore::SwiftPMPackageDescription" /* StitchCorePackageDescription */ = {
			isa = PBXNativeTarget;
			buildConfigurationList = OBJ_193 /* Build configuration list for PBXNativeTarget "StitchCorePackageDescription" */;
			buildPhases = (
				OBJ_196 /* Sources */,
			);
			buildRules = (
			);
			dependencies = (
			);
			name = StitchCorePackageDescription;
			productName = StitchCorePackageDescription;
			productType = "com.apple.product-type.framework";
		};
		"StitchCore::stitch-ios-sdk-protoTests" /* stitch-ios-sdk-protoTests */ = {
			isa = PBXNativeTarget;
			buildConfigurationList = OBJ_217 /* Build configuration list for PBXNativeTarget "stitch-ios-sdk-protoTests" */;
			buildPhases = (
				OBJ_220 /* Sources */,
				OBJ_234 /* Frameworks */,
			);
			buildRules = (
			);
			dependencies = (
				OBJ_239 /* PBXTargetDependency */,
				OBJ_241 /* PBXTargetDependency */,
				OBJ_243 /* PBXTargetDependency */,
				OBJ_245 /* PBXTargetDependency */,
			);
			name = "stitch-ios-sdk-protoTests";
			productName = stitch_ios_sdk_protoTests;
			productReference = "StitchCore::stitch-ios-sdk-protoTests::Product" /* stitch_ios_sdk_protoTests.xctest */;
			productType = "com.apple.product-type.bundle.unit-test";
		};
		"Swifter::SwiftPMPackageDescription" /* SwifterPackageDescription */ = {
			isa = PBXNativeTarget;
			buildConfigurationList = OBJ_205 /* Build configuration list for PBXNativeTarget "SwifterPackageDescription" */;
			buildPhases = (
				OBJ_208 /* Sources */,
			);
			buildRules = (
			);
			dependencies = (
			);
			name = SwifterPackageDescription;
			productName = SwifterPackageDescription;
			productType = "com.apple.product-type.framework";
		};
		"Swifter::Swifter" /* Swifter */ = {
			isa = PBXNativeTarget;
			buildConfigurationList = OBJ_261 /* Build configuration list for PBXNativeTarget "Swifter" */;
			buildPhases = (
				OBJ_264 /* Sources */,
				OBJ_284 /* Frameworks */,
			);
			buildRules = (
			);
			dependencies = (
			);
			name = Swifter;
			productName = Swifter;
			productReference = "Swifter::Swifter::Product" /* Swifter.framework */;
			productType = "com.apple.product-type.framework";
		};
/* End PBXNativeTarget section */

/* Begin PBXProject section */
		OBJ_1 /* Project object */ = {
			isa = PBXProject;
			attributes = {
				LastUpgradeCheck = 9999;
			};
			buildConfigurationList = OBJ_2 /* Build configuration list for PBXProject "StitchCore" */;
			compatibilityVersion = "Xcode 3.2";
			developmentRegion = English;
			hasScannedForEncodings = 0;
			knownRegions = (
				en,
			);
			mainGroup = OBJ_5 /*  */;
			productRefGroup = OBJ_186 /* Products */;
			projectDirPath = "";
			projectRoot = "";
			targets = (
				"StitchCore::SwiftPMPackageDescription" /* StitchCorePackageDescription */,
				"JWT::SwiftPMPackageDescription" /* JWTPackageDescription */,
				"Swifter::SwiftPMPackageDescription" /* SwifterPackageDescription */,
				"ExtendedJSON::SwiftPMPackageDescription" /* ExtendedJSONPackageDescription */,
				"StitchCore::stitch-ios-sdk-protoTests" /* stitch-ios-sdk-protoTests */,
				"JWT::JWT" /* JWT */,
				"Swifter::Swifter" /* Swifter */,
				"StitchCore::StitchCore" /* StitchCore */,
				"ExtendedJSON::ExtendedJSON" /* ExtendedJSON */,
				"StitchCore::StitchCorePackageTests::ProductTarget" /* StitchCorePackageTests */,
			);
		};
/* End PBXProject section */

/* Begin PBXSourcesBuildPhase section */
		OBJ_196 /* Sources */ = {
			isa = PBXSourcesBuildPhase;
			buildActionMask = 0;
			files = (
				OBJ_197 /* Package.swift in Sources */,
			);
			runOnlyForDeploymentPostprocessing = 0;
		};
		OBJ_202 /* Sources */ = {
			isa = PBXSourcesBuildPhase;
			buildActionMask = 0;
			files = (
				OBJ_203 /* Package.swift in Sources */,
			);
			runOnlyForDeploymentPostprocessing = 0;
		};
		OBJ_208 /* Sources */ = {
			isa = PBXSourcesBuildPhase;
			buildActionMask = 0;
			files = (
				OBJ_209 /* Package.swift in Sources */,
			);
			runOnlyForDeploymentPostprocessing = 0;
		};
		OBJ_214 /* Sources */ = {
			isa = PBXSourcesBuildPhase;
			buildActionMask = 0;
			files = (
				OBJ_215 /* Package.swift in Sources */,
			);
			runOnlyForDeploymentPostprocessing = 0;
		};
		OBJ_220 /* Sources */ = {
			isa = PBXSourcesBuildPhase;
			buildActionMask = 0;
			files = (
				OBJ_221 /* AccessTokenRefresherTests.swift in Sources */,
				OBJ_222 /* CoreStitchAuthTests.swift in Sources */,
				OBJ_223 /* StoreAuthInfoTests.swift in Sources */,
				OBJ_224 /* CoreUserPasswordAuthProviderClientTests.swift in Sources */,
				OBJ_225 /* StitchUserProfileTests.swift in Sources */,
				OBJ_226 /* SynchronizedTests.swift in Sources */,
				OBJ_227 /* FoundationHTTPTransportTests.swift in Sources */,
				OBJ_228 /* StitchRequestClientTests.swift in Sources */,
				OBJ_229 /* CoreStitchServiceTests.swift in Sources */,
				OBJ_230 /* StitchAppClientConfigurationTests.swift in Sources */,
				OBJ_231 /* StitchAppClientInfoTests.swift in Sources */,
				OBJ_232 /* StitchClientConfigurationTests.swift in Sources */,
				OBJ_233 /* stitch_ios_sdk_protoTests.swift in Sources */,
			);
			runOnlyForDeploymentPostprocessing = 0;
		};
		OBJ_250 /* Sources */ = {
			isa = PBXSourcesBuildPhase;
			buildActionMask = 0;
			files = (
				OBJ_251 /* Base64.swift in Sources */,
				OBJ_252 /* ClaimSet.swift in Sources */,
				OBJ_253 /* Claims.swift in Sources */,
				OBJ_254 /* Decode.swift in Sources */,
				OBJ_255 /* Encode.swift in Sources */,
				OBJ_256 /* HMAC.swift in Sources */,
				OBJ_257 /* HMACCommonCrypto.swift in Sources */,
				OBJ_258 /* JOSEHeader.swift in Sources */,
				OBJ_259 /* JWT.swift in Sources */,
			);
			runOnlyForDeploymentPostprocessing = 0;
		};
		OBJ_264 /* Sources */ = {
			isa = PBXSourcesBuildPhase;
			buildActionMask = 0;
			files = (
				OBJ_265 /* DemoServer.swift in Sources */,
				OBJ_266 /* Errno.swift in Sources */,
				OBJ_267 /* Files.swift in Sources */,
				OBJ_268 /* HttpParser.swift in Sources */,
				OBJ_269 /* HttpRequest.swift in Sources */,
				OBJ_270 /* HttpResponse.swift in Sources */,
				OBJ_271 /* HttpRouter.swift in Sources */,
				OBJ_272 /* HttpServer.swift in Sources */,
				OBJ_273 /* HttpServerIO.swift in Sources */,
				OBJ_274 /* Process.swift in Sources */,
				OBJ_275 /* Scopes.swift in Sources */,
				OBJ_276 /* Socket+File.swift in Sources */,
				OBJ_277 /* Socket+Server.swift in Sources */,
				OBJ_278 /* Socket.swift in Sources */,
				OBJ_279 /* String+BASE64.swift in Sources */,
				OBJ_280 /* String+File.swift in Sources */,
				OBJ_281 /* String+Misc.swift in Sources */,
				OBJ_282 /* String+SHA1.swift in Sources */,
				OBJ_283 /* WebSockets.swift in Sources */,
			);
			runOnlyForDeploymentPostprocessing = 0;
		};
		OBJ_288 /* Sources */ = {
			isa = PBXSourcesBuildPhase;
			buildActionMask = 0;
			files = (
				OBJ_289 /* CoreAuthProviderClient.swift in Sources */,
				OBJ_290 /* AccessTokenRefresher.swift in Sources */,
				OBJ_291 /* AuthInfo.swift in Sources */,
				OBJ_292 /* AuthStateHolder.swift in Sources */,
				OBJ_293 /* CoreStitchAuth+StitchAuthRequestClient.swift in Sources */,
				OBJ_294 /* CoreStitchAuth.swift in Sources */,
				OBJ_295 /* CoreStitchUser.swift in Sources */,
				OBJ_296 /* DeviceField.swift in Sources */,
				OBJ_297 /* APIAccessToken.swift in Sources */,
				OBJ_298 /* APIAuthInfoImpl.swift in Sources */,
				OBJ_299 /* APICoreUserProfile.swift in Sources */,
				OBJ_300 /* APIStitchUserIdentity.swift in Sources */,
				OBJ_301 /* StoreAuthInfo.swift in Sources */,
				OBJ_302 /* StoreCoreUserProfile.swift in Sources */,
				OBJ_303 /* StoreStitchUserIdentity.swift in Sources */,
				OBJ_304 /* StitchAuthRequestClient.swift in Sources */,
				OBJ_305 /* StitchUserFactory.swift in Sources */,
				OBJ_306 /* ProviderCapabilities.swift in Sources */,
				OBJ_307 /* AnonymousCredential.swift in Sources */,
				OBJ_308 /* CoreAnonymousAuthProviderClient.swift in Sources */,
				OBJ_309 /* CoreCustomAuthProviderClient.swift in Sources */,
				OBJ_310 /* CustomCredential.swift in Sources */,
				OBJ_311 /* CoreFacebookAuthProviderClient.swift in Sources */,
				OBJ_312 /* FacebookCredential.swift in Sources */,
				OBJ_313 /* CoreGoogleAuthProviderClient.swift in Sources */,
				OBJ_314 /* GoogleCredential.swift in Sources */,
				OBJ_315 /* CoreServerAPIKeyAuthProviderClient.swift in Sources */,
				OBJ_316 /* ServerAPIKeyCredential.swift in Sources */,
				OBJ_317 /* StitchProviderType.swift in Sources */,
				OBJ_318 /* CoreUserAPIKeyAuthProviderClient.swift in Sources */,
				OBJ_319 /* UserAPIKeyCredential.swift in Sources */,
				OBJ_320 /* CoreUserPasswordAuthProviderClient.swift in Sources */,
				OBJ_321 /* UserPasswordCredential.swift in Sources */,
				OBJ_322 /* StitchCredential.swift in Sources */,
				OBJ_323 /* StitchUserIdentity.swift in Sources */,
				OBJ_324 /* StitchUserProfile.swift in Sources */,
				OBJ_325 /* ImplFailureFatalErrors.swift in Sources */,
				OBJ_326 /* JWT.swift in Sources */,
				OBJ_327 /* Storage.swift in Sources */,
				OBJ_328 /* CoreStitchAppClient.swift in Sources */,
				OBJ_329 /* ContentType.swift in Sources */,
				OBJ_330 /* FoundationHTTPTransport.swift in Sources */,
				OBJ_331 /* Headers.swift in Sources */,
				OBJ_332 /* Method.swift in Sources */,
				OBJ_333 /* Request.swift in Sources */,
				OBJ_334 /* StitchAuthRequest.swift in Sources */,
				OBJ_335 /* StitchRequest.swift in Sources */,
				OBJ_336 /* StitchAppRoutes.swift in Sources */,
				OBJ_337 /* StitchRequestClient.swift in Sources */,
				OBJ_338 /* Transport.swift in Sources */,
				OBJ_339 /* CoreStitchService.swift in Sources */,
				OBJ_340 /* StitchAppClientConfiguration.swift in Sources */,
				OBJ_341 /* StitchAppClientInfo.swift in Sources */,
				OBJ_342 /* StitchClientConfiguration.swift in Sources */,
				OBJ_343 /* StitchError.swift in Sources */,
			);
			runOnlyForDeploymentPostprocessing = 0;
		};
		OBJ_350 /* Sources */ = {
			isa = PBXSourcesBuildPhase;
			buildActionMask = 0;
			files = (
				OBJ_351 /* BSONArray.swift in Sources */,
				OBJ_352 /* Binary.swift in Sources */,
				OBJ_353 /* Code.swift in Sources */,
				OBJ_354 /* Coders.swift in Sources */,
				OBJ_355 /* DBPointer.swift in Sources */,
				OBJ_356 /* DBRef.swift in Sources */,
				OBJ_357 /* Document.swift in Sources */,
				OBJ_358 /* MaxKey.swift in Sources */,
				OBJ_359 /* MinKey.swift in Sources */,
				OBJ_360 /* Null.swift in Sources */,
				OBJ_361 /* ObjectId.swift in Sources */,
				OBJ_362 /* RegularExpression.swift in Sources */,
				OBJ_363 /* Symbol.swift in Sources */,
				OBJ_364 /* Timestamp.swift in Sources */,
				OBJ_365 /* Undefined.swift in Sources */,
				OBJ_366 /* Bool+ExtendedJson.swift in Sources */,
				OBJ_367 /* BsonArray+ExtendedJson.swift in Sources */,
				OBJ_368 /* BsonBinary+ExtendedJson.swift in Sources */,
				OBJ_369 /* BsonCode+ExtendedJson.swift in Sources */,
				OBJ_370 /* BsonDBPointer+ExtendedJson.swift in Sources */,
				OBJ_371 /* BsonDBRef+ExtendedJson.swift in Sources */,
				OBJ_372 /* BsonDocument+ExtendedJson.swift in Sources */,
				OBJ_373 /* BsonSymbol+ExtendedJson.swift in Sources */,
				OBJ_374 /* BsonTimestamp+ExtendedJson.swift in Sources */,
				OBJ_375 /* BsonUndefined+ExtendedJson.swift in Sources */,
				OBJ_376 /* Date+ExtenedJson.swift in Sources */,
				OBJ_377 /* Decimal+ExtendedJson.swift in Sources */,
				OBJ_378 /* Double+ExtendedJson.swift in Sources */,
				OBJ_379 /* ExtendedJsonRepresentable.swift in Sources */,
				OBJ_380 /* Int+ExtendedJson.swift in Sources */,
				OBJ_381 /* MaxKey+ExtendedJson.swift in Sources */,
				OBJ_382 /* MinKey+ExtendedJson.swift in Sources */,
				OBJ_383 /* ObjectId+ExtendedJson.swift in Sources */,
				OBJ_384 /* String+ExtendedJson.swift in Sources */,
				OBJ_385 /* UUID+ExtendedJson.swift in Sources */,
				OBJ_386 /* BsonError.swift in Sources */,
				OBJ_387 /* Validators.swift in Sources */,
			);
			runOnlyForDeploymentPostprocessing = 0;
		};
/* End PBXSourcesBuildPhase section */

/* Begin PBXTargetDependency section */
		OBJ_239 /* PBXTargetDependency */ = {
			isa = PBXTargetDependency;
			target = "JWT::JWT" /* JWT */;
			targetProxy = 4907AAD32073DC71002DD6DE /* PBXContainerItemProxy */;
		};
		OBJ_241 /* PBXTargetDependency */ = {
			isa = PBXTargetDependency;
			target = "Swifter::Swifter" /* Swifter */;
			targetProxy = 4907AAD42073DC71002DD6DE /* PBXContainerItemProxy */;
		};
		OBJ_243 /* PBXTargetDependency */ = {
			isa = PBXTargetDependency;
			target = "StitchCore::StitchCore" /* StitchCore */;
			targetProxy = 4907AAD52073DC71002DD6DE /* PBXContainerItemProxy */;
		};
		OBJ_245 /* PBXTargetDependency */ = {
			isa = PBXTargetDependency;
			target = "ExtendedJSON::ExtendedJSON" /* ExtendedJSON */;
			targetProxy = 4907AAD62073DC71002DD6DE /* PBXContainerItemProxy */;
		};
		OBJ_346 /* PBXTargetDependency */ = {
			isa = PBXTargetDependency;
			target = "ExtendedJSON::ExtendedJSON" /* ExtendedJSON */;
			targetProxy = 4907AAD22073DC71002DD6DE /* PBXContainerItemProxy */;
		};
		OBJ_393 /* PBXTargetDependency */ = {
			isa = PBXTargetDependency;
			target = "StitchCore::stitch-ios-sdk-protoTests" /* stitch-ios-sdk-protoTests */;
			targetProxy = 4907AAD72073DC71002DD6DE /* PBXContainerItemProxy */;
		};
/* End PBXTargetDependency section */

/* Begin XCBuildConfiguration section */
		OBJ_194 /* Debug */ = {
			isa = XCBuildConfiguration;
			buildSettings = {
				LD = /usr/bin/true;
				OTHER_SWIFT_FLAGS = "-swift-version 4 -I /Applications/Xcode.app/Contents/Developer/Toolchains/XcodeDefault.xctoolchain/usr/lib/swift/pm/4 -target x86_64-apple-macosx10.10 -sdk /Applications/Xcode.app/Contents/Developer/Platforms/MacOSX.platform/Developer/SDKs/MacOSX10.13.sdk";
				SWIFT_VERSION = 4.0;
			};
			name = Debug;
		};
		OBJ_195 /* Release */ = {
			isa = XCBuildConfiguration;
			buildSettings = {
				LD = /usr/bin/true;
				OTHER_SWIFT_FLAGS = "-swift-version 4 -I /Applications/Xcode.app/Contents/Developer/Toolchains/XcodeDefault.xctoolchain/usr/lib/swift/pm/4 -target x86_64-apple-macosx10.10 -sdk /Applications/Xcode.app/Contents/Developer/Platforms/MacOSX.platform/Developer/SDKs/MacOSX10.13.sdk";
				SWIFT_VERSION = 4.0;
			};
			name = Release;
		};
		OBJ_200 /* Debug */ = {
			isa = XCBuildConfiguration;
			buildSettings = {
				LD = /usr/bin/true;
				OTHER_SWIFT_FLAGS = "-swift-version 3 -I /Applications/Xcode.app/Contents/Developer/Toolchains/XcodeDefault.xctoolchain/usr/lib/swift/pm/3 -target x86_64-apple-macosx10.10 -sdk /Applications/Xcode.app/Contents/Developer/Platforms/MacOSX.platform/Developer/SDKs/MacOSX10.13.sdk";
				SWIFT_VERSION = 3.0;
			};
			name = Debug;
		};
		OBJ_201 /* Release */ = {
			isa = XCBuildConfiguration;
			buildSettings = {
				LD = /usr/bin/true;
				OTHER_SWIFT_FLAGS = "-swift-version 3 -I /Applications/Xcode.app/Contents/Developer/Toolchains/XcodeDefault.xctoolchain/usr/lib/swift/pm/3 -target x86_64-apple-macosx10.10 -sdk /Applications/Xcode.app/Contents/Developer/Platforms/MacOSX.platform/Developer/SDKs/MacOSX10.13.sdk";
				SWIFT_VERSION = 3.0;
			};
			name = Release;
		};
		OBJ_206 /* Debug */ = {
			isa = XCBuildConfiguration;
			buildSettings = {
				LD = /usr/bin/true;
				OTHER_SWIFT_FLAGS = "-swift-version 4 -I /Applications/Xcode.app/Contents/Developer/Toolchains/XcodeDefault.xctoolchain/usr/lib/swift/pm/4 -target x86_64-apple-macosx10.10 -sdk /Applications/Xcode.app/Contents/Developer/Platforms/MacOSX.platform/Developer/SDKs/MacOSX10.13.sdk";
				SWIFT_VERSION = 4.0;
			};
			name = Debug;
		};
		OBJ_207 /* Release */ = {
			isa = XCBuildConfiguration;
			buildSettings = {
				LD = /usr/bin/true;
				OTHER_SWIFT_FLAGS = "-swift-version 4 -I /Applications/Xcode.app/Contents/Developer/Toolchains/XcodeDefault.xctoolchain/usr/lib/swift/pm/4 -target x86_64-apple-macosx10.10 -sdk /Applications/Xcode.app/Contents/Developer/Platforms/MacOSX.platform/Developer/SDKs/MacOSX10.13.sdk";
				SWIFT_VERSION = 4.0;
			};
			name = Release;
		};
		OBJ_212 /* Debug */ = {
			isa = XCBuildConfiguration;
			buildSettings = {
				LD = /usr/bin/true;
				OTHER_SWIFT_FLAGS = "-swift-version 4 -I /Applications/Xcode.app/Contents/Developer/Toolchains/XcodeDefault.xctoolchain/usr/lib/swift/pm/4 -target x86_64-apple-macosx10.10 -sdk /Applications/Xcode.app/Contents/Developer/Platforms/MacOSX.platform/Developer/SDKs/MacOSX10.13.sdk";
				SWIFT_VERSION = 4.0;
			};
			name = Debug;
		};
		OBJ_213 /* Release */ = {
			isa = XCBuildConfiguration;
			buildSettings = {
				LD = /usr/bin/true;
				OTHER_SWIFT_FLAGS = "-swift-version 4 -I /Applications/Xcode.app/Contents/Developer/Toolchains/XcodeDefault.xctoolchain/usr/lib/swift/pm/4 -target x86_64-apple-macosx10.10 -sdk /Applications/Xcode.app/Contents/Developer/Platforms/MacOSX.platform/Developer/SDKs/MacOSX10.13.sdk";
				SWIFT_VERSION = 4.0;
			};
			name = Release;
		};
		OBJ_218 /* Debug */ = {
			isa = XCBuildConfiguration;
			buildSettings = {
				EMBEDDED_CONTENT_CONTAINS_SWIFT = YES;
				FRAMEWORK_SEARCH_PATHS = (
					"$(inherited)",
					"$(PLATFORM_DIR)/Developer/Library/Frameworks",
				);
				HEADER_SEARCH_PATHS = (
					"$(inherited)",
					"$(SRCROOT)/.build/checkouts/CommonCrypto.git-5718070938381968625",
				);
				INFOPLIST_FILE = StitchCore.xcodeproj/stitch_ios_sdk_protoTests_Info.plist;
				LD_RUNPATH_SEARCH_PATHS = "@loader_path/../Frameworks @loader_path/Frameworks";
				OTHER_LDFLAGS = "$(inherited)";
				OTHER_SWIFT_FLAGS = "$(inherited)";
				SWIFT_VERSION = 4.0;
				TARGET_NAME = "stitch-ios-sdk-protoTests";
			};
			name = Debug;
		};
		OBJ_219 /* Release */ = {
			isa = XCBuildConfiguration;
			buildSettings = {
				EMBEDDED_CONTENT_CONTAINS_SWIFT = YES;
				FRAMEWORK_SEARCH_PATHS = (
					"$(inherited)",
					"$(PLATFORM_DIR)/Developer/Library/Frameworks",
				);
				HEADER_SEARCH_PATHS = (
					"$(inherited)",
					"$(SRCROOT)/.build/checkouts/CommonCrypto.git-5718070938381968625",
				);
				INFOPLIST_FILE = StitchCore.xcodeproj/stitch_ios_sdk_protoTests_Info.plist;
				LD_RUNPATH_SEARCH_PATHS = "@loader_path/../Frameworks @loader_path/Frameworks";
				OTHER_LDFLAGS = "$(inherited)";
				OTHER_SWIFT_FLAGS = "$(inherited)";
				SWIFT_VERSION = 4.0;
				TARGET_NAME = "stitch-ios-sdk-protoTests";
			};
			name = Release;
		};
		OBJ_248 /* Debug */ = {
			isa = XCBuildConfiguration;
			buildSettings = {
				ENABLE_TESTABILITY = YES;
				FRAMEWORK_SEARCH_PATHS = (
					"$(inherited)",
					"$(PLATFORM_DIR)/Developer/Library/Frameworks",
				);
				HEADER_SEARCH_PATHS = (
					"$(inherited)",
					"$(SRCROOT)/.build/checkouts/CommonCrypto.git-5718070938381968625",
				);
				INFOPLIST_FILE = StitchCore.xcodeproj/JWT_Info.plist;
				LD_RUNPATH_SEARCH_PATHS = "$(TOOLCHAIN_DIR)/usr/lib/swift/macosx";
				OTHER_LDFLAGS = "$(inherited)";
				OTHER_SWIFT_FLAGS = "$(inherited)";
				PRODUCT_BUNDLE_IDENTIFIER = JWT;
				PRODUCT_MODULE_NAME = "$(TARGET_NAME:c99extidentifier)";
				PRODUCT_NAME = "$(TARGET_NAME:c99extidentifier)";
				SKIP_INSTALL = YES;
				SWIFT_VERSION = 3.0;
				TARGET_NAME = JWT;
			};
			name = Debug;
		};
		OBJ_249 /* Release */ = {
			isa = XCBuildConfiguration;
			buildSettings = {
				ENABLE_TESTABILITY = YES;
				FRAMEWORK_SEARCH_PATHS = (
					"$(inherited)",
					"$(PLATFORM_DIR)/Developer/Library/Frameworks",
				);
				HEADER_SEARCH_PATHS = (
					"$(inherited)",
					"$(SRCROOT)/.build/checkouts/CommonCrypto.git-5718070938381968625",
				);
				INFOPLIST_FILE = StitchCore.xcodeproj/JWT_Info.plist;
				LD_RUNPATH_SEARCH_PATHS = "$(TOOLCHAIN_DIR)/usr/lib/swift/macosx";
				OTHER_LDFLAGS = "$(inherited)";
				OTHER_SWIFT_FLAGS = "$(inherited)";
				PRODUCT_BUNDLE_IDENTIFIER = JWT;
				PRODUCT_MODULE_NAME = "$(TARGET_NAME:c99extidentifier)";
				PRODUCT_NAME = "$(TARGET_NAME:c99extidentifier)";
				SKIP_INSTALL = YES;
				SWIFT_VERSION = 3.0;
				TARGET_NAME = JWT;
			};
			name = Release;
		};
		OBJ_262 /* Debug */ = {
			isa = XCBuildConfiguration;
			buildSettings = {
				ENABLE_TESTABILITY = YES;
				FRAMEWORK_SEARCH_PATHS = (
					"$(inherited)",
					"$(PLATFORM_DIR)/Developer/Library/Frameworks",
				);
				HEADER_SEARCH_PATHS = "$(inherited)";
				INFOPLIST_FILE = StitchCore.xcodeproj/Swifter_Info.plist;
				LD_RUNPATH_SEARCH_PATHS = "$(TOOLCHAIN_DIR)/usr/lib/swift/macosx";
				OTHER_LDFLAGS = "$(inherited)";
				OTHER_SWIFT_FLAGS = "$(inherited)";
				PRODUCT_BUNDLE_IDENTIFIER = Swifter;
				PRODUCT_MODULE_NAME = "$(TARGET_NAME:c99extidentifier)";
				PRODUCT_NAME = "$(TARGET_NAME:c99extidentifier)";
				SKIP_INSTALL = YES;
				SWIFT_VERSION = 4.0;
				TARGET_NAME = Swifter;
			};
			name = Debug;
		};
		OBJ_263 /* Release */ = {
			isa = XCBuildConfiguration;
			buildSettings = {
				ENABLE_TESTABILITY = YES;
				FRAMEWORK_SEARCH_PATHS = (
					"$(inherited)",
					"$(PLATFORM_DIR)/Developer/Library/Frameworks",
				);
				HEADER_SEARCH_PATHS = "$(inherited)";
				INFOPLIST_FILE = StitchCore.xcodeproj/Swifter_Info.plist;
				LD_RUNPATH_SEARCH_PATHS = "$(TOOLCHAIN_DIR)/usr/lib/swift/macosx";
				OTHER_LDFLAGS = "$(inherited)";
				OTHER_SWIFT_FLAGS = "$(inherited)";
				PRODUCT_BUNDLE_IDENTIFIER = Swifter;
				PRODUCT_MODULE_NAME = "$(TARGET_NAME:c99extidentifier)";
				PRODUCT_NAME = "$(TARGET_NAME:c99extidentifier)";
				SKIP_INSTALL = YES;
				SWIFT_VERSION = 4.0;
				TARGET_NAME = Swifter;
			};
			name = Release;
		};
		OBJ_286 /* Debug */ = {
			isa = XCBuildConfiguration;
			buildSettings = {
				ENABLE_TESTABILITY = YES;
				FRAMEWORK_SEARCH_PATHS = (
					"$(inherited)",
					"$(PLATFORM_DIR)/Developer/Library/Frameworks",
				);
				HEADER_SEARCH_PATHS = "$(inherited)";
				INFOPLIST_FILE = StitchCore.xcodeproj/StitchCore_Info.plist;
				LD_RUNPATH_SEARCH_PATHS = "$(TOOLCHAIN_DIR)/usr/lib/swift/macosx";
				OTHER_LDFLAGS = "$(inherited)";
				OTHER_SWIFT_FLAGS = "$(inherited)";
				PRODUCT_BUNDLE_IDENTIFIER = StitchCore;
				PRODUCT_MODULE_NAME = "$(TARGET_NAME:c99extidentifier)";
				PRODUCT_NAME = "$(TARGET_NAME:c99extidentifier)";
				SKIP_INSTALL = YES;
				SWIFT_VERSION = 4.0;
				TARGET_NAME = StitchCore;
			};
			name = Debug;
		};
		OBJ_287 /* Release */ = {
			isa = XCBuildConfiguration;
			buildSettings = {
				ENABLE_TESTABILITY = YES;
				FRAMEWORK_SEARCH_PATHS = (
					"$(inherited)",
					"$(PLATFORM_DIR)/Developer/Library/Frameworks",
				);
				HEADER_SEARCH_PATHS = "$(inherited)";
				INFOPLIST_FILE = StitchCore.xcodeproj/StitchCore_Info.plist;
				LD_RUNPATH_SEARCH_PATHS = "$(TOOLCHAIN_DIR)/usr/lib/swift/macosx";
				OTHER_LDFLAGS = "$(inherited)";
				OTHER_SWIFT_FLAGS = "$(inherited)";
				PRODUCT_BUNDLE_IDENTIFIER = StitchCore;
				PRODUCT_MODULE_NAME = "$(TARGET_NAME:c99extidentifier)";
				PRODUCT_NAME = "$(TARGET_NAME:c99extidentifier)";
				SKIP_INSTALL = YES;
				SWIFT_VERSION = 4.0;
				TARGET_NAME = StitchCore;
			};
			name = Release;
		};
		OBJ_3 /* Debug */ = {
			isa = XCBuildConfiguration;
			buildSettings = {
				CLANG_ENABLE_OBJC_ARC = YES;
				COMBINE_HIDPI_IMAGES = YES;
				COPY_PHASE_STRIP = NO;
				DEBUG_INFORMATION_FORMAT = dwarf;
				DYLIB_INSTALL_NAME_BASE = "@rpath";
				ENABLE_NS_ASSERTIONS = YES;
				GCC_OPTIMIZATION_LEVEL = 0;
				MACOSX_DEPLOYMENT_TARGET = 10.10;
				ONLY_ACTIVE_ARCH = YES;
				OTHER_SWIFT_FLAGS = "-DXcode";
				PRODUCT_NAME = "$(TARGET_NAME)";
				SDKROOT = macosx;
				SUPPORTED_PLATFORMS = "macosx iphoneos iphonesimulator appletvos appletvsimulator watchos watchsimulator";
				SWIFT_ACTIVE_COMPILATION_CONDITIONS = SWIFT_PACKAGE;
				SWIFT_OPTIMIZATION_LEVEL = "-Onone";
				USE_HEADERMAP = NO;
			};
			name = Debug;
		};
		OBJ_348 /* Debug */ = {
			isa = XCBuildConfiguration;
			buildSettings = {
				ENABLE_TESTABILITY = YES;
				FRAMEWORK_SEARCH_PATHS = (
					"$(inherited)",
					"$(PLATFORM_DIR)/Developer/Library/Frameworks",
				);
				HEADER_SEARCH_PATHS = "$(inherited)";
				INFOPLIST_FILE = StitchCore.xcodeproj/ExtendedJSON_Info.plist;
				LD_RUNPATH_SEARCH_PATHS = "$(TOOLCHAIN_DIR)/usr/lib/swift/macosx";
				OTHER_LDFLAGS = "$(inherited)";
				OTHER_SWIFT_FLAGS = "$(inherited)";
				PRODUCT_BUNDLE_IDENTIFIER = ExtendedJSON;
				PRODUCT_MODULE_NAME = "$(TARGET_NAME:c99extidentifier)";
				PRODUCT_NAME = "$(TARGET_NAME:c99extidentifier)";
				SKIP_INSTALL = YES;
				SWIFT_VERSION = 4.0;
				TARGET_NAME = ExtendedJSON;
			};
			name = Debug;
		};
		OBJ_349 /* Release */ = {
			isa = XCBuildConfiguration;
			buildSettings = {
				ENABLE_TESTABILITY = YES;
				FRAMEWORK_SEARCH_PATHS = (
					"$(inherited)",
					"$(PLATFORM_DIR)/Developer/Library/Frameworks",
				);
				HEADER_SEARCH_PATHS = "$(inherited)";
				INFOPLIST_FILE = StitchCore.xcodeproj/ExtendedJSON_Info.plist;
				LD_RUNPATH_SEARCH_PATHS = "$(TOOLCHAIN_DIR)/usr/lib/swift/macosx";
				OTHER_LDFLAGS = "$(inherited)";
				OTHER_SWIFT_FLAGS = "$(inherited)";
				PRODUCT_BUNDLE_IDENTIFIER = ExtendedJSON;
				PRODUCT_MODULE_NAME = "$(TARGET_NAME:c99extidentifier)";
				PRODUCT_NAME = "$(TARGET_NAME:c99extidentifier)";
				SKIP_INSTALL = YES;
				SWIFT_VERSION = 4.0;
				TARGET_NAME = ExtendedJSON;
			};
			name = Release;
		};
		OBJ_391 /* Debug */ = {
			isa = XCBuildConfiguration;
			buildSettings = {
			};
			name = Debug;
		};
		OBJ_392 /* Release */ = {
			isa = XCBuildConfiguration;
			buildSettings = {
			};
			name = Release;
		};
		OBJ_4 /* Release */ = {
			isa = XCBuildConfiguration;
			buildSettings = {
				CLANG_ENABLE_OBJC_ARC = YES;
				COMBINE_HIDPI_IMAGES = YES;
				COPY_PHASE_STRIP = YES;
				DEBUG_INFORMATION_FORMAT = "dwarf-with-dsym";
				DYLIB_INSTALL_NAME_BASE = "@rpath";
				GCC_OPTIMIZATION_LEVEL = s;
				MACOSX_DEPLOYMENT_TARGET = 10.10;
				OTHER_SWIFT_FLAGS = "-DXcode";
				PRODUCT_NAME = "$(TARGET_NAME)";
				SDKROOT = macosx;
				SUPPORTED_PLATFORMS = "macosx iphoneos iphonesimulator appletvos appletvsimulator watchos watchsimulator";
				SWIFT_ACTIVE_COMPILATION_CONDITIONS = SWIFT_PACKAGE;
				SWIFT_OPTIMIZATION_LEVEL = "-Owholemodule";
				USE_HEADERMAP = NO;
			};
			name = Release;
		};
/* End XCBuildConfiguration section */

/* Begin XCConfigurationList section */
		OBJ_193 /* Build configuration list for PBXNativeTarget "StitchCorePackageDescription" */ = {
			isa = XCConfigurationList;
			buildConfigurations = (
				OBJ_194 /* Debug */,
				OBJ_195 /* Release */,
			);
			defaultConfigurationIsVisible = 0;
			defaultConfigurationName = Debug;
		};
		OBJ_199 /* Build configuration list for PBXNativeTarget "JWTPackageDescription" */ = {
			isa = XCConfigurationList;
			buildConfigurations = (
				OBJ_200 /* Debug */,
				OBJ_201 /* Release */,
			);
			defaultConfigurationIsVisible = 0;
			defaultConfigurationName = Debug;
		};
		OBJ_2 /* Build configuration list for PBXProject "StitchCore" */ = {
			isa = XCConfigurationList;
			buildConfigurations = (
				OBJ_3 /* Debug */,
				OBJ_4 /* Release */,
			);
			defaultConfigurationIsVisible = 0;
			defaultConfigurationName = Debug;
		};
		OBJ_205 /* Build configuration list for PBXNativeTarget "SwifterPackageDescription" */ = {
			isa = XCConfigurationList;
			buildConfigurations = (
				OBJ_206 /* Debug */,
				OBJ_207 /* Release */,
			);
			defaultConfigurationIsVisible = 0;
			defaultConfigurationName = Debug;
		};
		OBJ_211 /* Build configuration list for PBXNativeTarget "ExtendedJSONPackageDescription" */ = {
			isa = XCConfigurationList;
			buildConfigurations = (
				OBJ_212 /* Debug */,
				OBJ_213 /* Release */,
			);
			defaultConfigurationIsVisible = 0;
			defaultConfigurationName = Debug;
		};
		OBJ_217 /* Build configuration list for PBXNativeTarget "stitch-ios-sdk-protoTests" */ = {
			isa = XCConfigurationList;
			buildConfigurations = (
				OBJ_218 /* Debug */,
				OBJ_219 /* Release */,
			);
			defaultConfigurationIsVisible = 0;
			defaultConfigurationName = Debug;
		};
		OBJ_247 /* Build configuration list for PBXNativeTarget "JWT" */ = {
			isa = XCConfigurationList;
			buildConfigurations = (
				OBJ_248 /* Debug */,
				OBJ_249 /* Release */,
			);
			defaultConfigurationIsVisible = 0;
			defaultConfigurationName = Debug;
		};
		OBJ_261 /* Build configuration list for PBXNativeTarget "Swifter" */ = {
			isa = XCConfigurationList;
			buildConfigurations = (
				OBJ_262 /* Debug */,
				OBJ_263 /* Release */,
			);
			defaultConfigurationIsVisible = 0;
			defaultConfigurationName = Debug;
		};
		OBJ_285 /* Build configuration list for PBXNativeTarget "StitchCore" */ = {
			isa = XCConfigurationList;
			buildConfigurations = (
				OBJ_286 /* Debug */,
				OBJ_287 /* Release */,
			);
			defaultConfigurationIsVisible = 0;
			defaultConfigurationName = Debug;
		};
		OBJ_347 /* Build configuration list for PBXNativeTarget "ExtendedJSON" */ = {
			isa = XCConfigurationList;
			buildConfigurations = (
				OBJ_348 /* Debug */,
				OBJ_349 /* Release */,
			);
			defaultConfigurationIsVisible = 0;
			defaultConfigurationName = Debug;
		};
		OBJ_390 /* Build configuration list for PBXAggregateTarget "StitchCorePackageTests" */ = {
			isa = XCConfigurationList;
			buildConfigurations = (
				OBJ_391 /* Debug */,
				OBJ_392 /* Release */,
			);
			defaultConfigurationIsVisible = 0;
			defaultConfigurationName = Debug;
		};
/* End XCConfigurationList section */
	};
	rootObject = OBJ_1 /* Project object */;
}
